// !$*UTF8*$!
{
	archiveVersion = 1;
	classes = {
	};
	objectVersion = 46;
	objects = {

/* Begin PBXBuildFile section */
		090B6FEA1A80579C00A04B62 /* ImageRoi.cpp in Sources */ = {isa = PBXBuildFile; fileRef = 090B6FE81A80579C00A04B62 /* ImageRoi.cpp */; };
		090B72051A80DACD00A04B62 /* ofxBox2d.cpp in Sources */ = {isa = PBXBuildFile; fileRef = 090B719D1A80DACD00A04B62 /* ofxBox2d.cpp */; };
		090B72061A80DACD00A04B62 /* ofxBox2dBaseShape.cpp in Sources */ = {isa = PBXBuildFile; fileRef = 090B719F1A80DACD00A04B62 /* ofxBox2dBaseShape.cpp */; };
		090B72071A80DACD00A04B62 /* ofxBox2dCircle.cpp in Sources */ = {isa = PBXBuildFile; fileRef = 090B71A11A80DACD00A04B62 /* ofxBox2dCircle.cpp */; };
		090B72081A80DACD00A04B62 /* ofxBox2dEdge.cpp in Sources */ = {isa = PBXBuildFile; fileRef = 090B71A41A80DACD00A04B62 /* ofxBox2dEdge.cpp */; };
		090B72091A80DACD00A04B62 /* ofxBox2dJoint.cpp in Sources */ = {isa = PBXBuildFile; fileRef = 090B71A61A80DACD00A04B62 /* ofxBox2dJoint.cpp */; };
		090B720A1A80DACD00A04B62 /* ofxBox2dPolygon.cpp in Sources */ = {isa = PBXBuildFile; fileRef = 090B71A81A80DACD00A04B62 /* ofxBox2dPolygon.cpp */; };
		090B720B1A80DACD00A04B62 /* ofxBox2dRect.cpp in Sources */ = {isa = PBXBuildFile; fileRef = 090B71AB1A80DACD00A04B62 /* ofxBox2dRect.cpp */; };
		090B72A01A80E21A00A04B62 /* b2BroadPhase.cpp in Sources */ = {isa = PBXBuildFile; fileRef = 090B72371A80E21A00A04B62 /* b2BroadPhase.cpp */; };
		090B72A11A80E21A00A04B62 /* b2CollideCircle.cpp in Sources */ = {isa = PBXBuildFile; fileRef = 090B72391A80E21A00A04B62 /* b2CollideCircle.cpp */; };
		090B72A21A80E21A00A04B62 /* b2CollideEdge.cpp in Sources */ = {isa = PBXBuildFile; fileRef = 090B723A1A80E21A00A04B62 /* b2CollideEdge.cpp */; };
		090B72A31A80E21A00A04B62 /* b2CollidePolygon.cpp in Sources */ = {isa = PBXBuildFile; fileRef = 090B723B1A80E21A00A04B62 /* b2CollidePolygon.cpp */; };
		090B72A41A80E21A00A04B62 /* b2Collision.cpp in Sources */ = {isa = PBXBuildFile; fileRef = 090B723C1A80E21A00A04B62 /* b2Collision.cpp */; };
		090B72A51A80E21A00A04B62 /* b2Distance.cpp in Sources */ = {isa = PBXBuildFile; fileRef = 090B723E1A80E21A00A04B62 /* b2Distance.cpp */; };
		090B72A61A80E21A00A04B62 /* b2DynamicTree.cpp in Sources */ = {isa = PBXBuildFile; fileRef = 090B72401A80E21A00A04B62 /* b2DynamicTree.cpp */; };
		090B72A71A80E21A00A04B62 /* b2TimeOfImpact.cpp in Sources */ = {isa = PBXBuildFile; fileRef = 090B72421A80E21A00A04B62 /* b2TimeOfImpact.cpp */; };
		090B72A81A80E21A00A04B62 /* b2ChainShape.cpp in Sources */ = {isa = PBXBuildFile; fileRef = 090B72451A80E21A00A04B62 /* b2ChainShape.cpp */; };
		090B72A91A80E21A00A04B62 /* b2CircleShape.cpp in Sources */ = {isa = PBXBuildFile; fileRef = 090B72471A80E21A00A04B62 /* b2CircleShape.cpp */; };
		090B72AA1A80E21A00A04B62 /* b2EdgeShape.cpp in Sources */ = {isa = PBXBuildFile; fileRef = 090B72491A80E21A00A04B62 /* b2EdgeShape.cpp */; };
		090B72AB1A80E21A00A04B62 /* b2PolygonShape.cpp in Sources */ = {isa = PBXBuildFile; fileRef = 090B724B1A80E21A00A04B62 /* b2PolygonShape.cpp */; };
		090B72AC1A80E21A00A04B62 /* b2BlockAllocator.cpp in Sources */ = {isa = PBXBuildFile; fileRef = 090B724F1A80E21A00A04B62 /* b2BlockAllocator.cpp */; };
		090B72AD1A80E21A00A04B62 /* b2Draw.cpp in Sources */ = {isa = PBXBuildFile; fileRef = 090B72511A80E21A00A04B62 /* b2Draw.cpp */; };
		090B72AE1A80E21A00A04B62 /* b2Math.cpp in Sources */ = {isa = PBXBuildFile; fileRef = 090B72541A80E21A00A04B62 /* b2Math.cpp */; };
		090B72AF1A80E21A00A04B62 /* b2Settings.cpp in Sources */ = {isa = PBXBuildFile; fileRef = 090B72561A80E21A00A04B62 /* b2Settings.cpp */; };
		090B72B01A80E21A00A04B62 /* b2StackAllocator.cpp in Sources */ = {isa = PBXBuildFile; fileRef = 090B72581A80E21A00A04B62 /* b2StackAllocator.cpp */; };
		090B72B11A80E21A00A04B62 /* b2Timer.cpp in Sources */ = {isa = PBXBuildFile; fileRef = 090B725A1A80E21A00A04B62 /* b2Timer.cpp */; };
		090B72B21A80E21A00A04B62 /* b2Body.cpp in Sources */ = {isa = PBXBuildFile; fileRef = 090B725D1A80E21A00A04B62 /* b2Body.cpp */; };
		090B72B31A80E21A00A04B62 /* b2ContactManager.cpp in Sources */ = {isa = PBXBuildFile; fileRef = 090B725F1A80E21A00A04B62 /* b2ContactManager.cpp */; };
		090B72B41A80E21A00A04B62 /* b2Fixture.cpp in Sources */ = {isa = PBXBuildFile; fileRef = 090B72611A80E21A00A04B62 /* b2Fixture.cpp */; };
		090B72B51A80E21A00A04B62 /* b2Island.cpp in Sources */ = {isa = PBXBuildFile; fileRef = 090B72631A80E21A00A04B62 /* b2Island.cpp */; };
		090B72B61A80E21A00A04B62 /* b2World.cpp in Sources */ = {isa = PBXBuildFile; fileRef = 090B72661A80E21A00A04B62 /* b2World.cpp */; };
		090B72B71A80E21A00A04B62 /* b2WorldCallbacks.cpp in Sources */ = {isa = PBXBuildFile; fileRef = 090B72681A80E21A00A04B62 /* b2WorldCallbacks.cpp */; };
		090B72B81A80E21A00A04B62 /* b2ChainAndCircleContact.cpp in Sources */ = {isa = PBXBuildFile; fileRef = 090B726B1A80E21A00A04B62 /* b2ChainAndCircleContact.cpp */; };
		090B72B91A80E21A00A04B62 /* b2ChainAndPolygonContact.cpp in Sources */ = {isa = PBXBuildFile; fileRef = 090B726D1A80E21A00A04B62 /* b2ChainAndPolygonContact.cpp */; };
		090B72BA1A80E21A00A04B62 /* b2CircleContact.cpp in Sources */ = {isa = PBXBuildFile; fileRef = 090B726F1A80E21A00A04B62 /* b2CircleContact.cpp */; };
		090B72BB1A80E21A00A04B62 /* b2Contact.cpp in Sources */ = {isa = PBXBuildFile; fileRef = 090B72711A80E21A00A04B62 /* b2Contact.cpp */; };
		090B72BC1A80E21A00A04B62 /* b2ContactSolver.cpp in Sources */ = {isa = PBXBuildFile; fileRef = 090B72731A80E21A00A04B62 /* b2ContactSolver.cpp */; };
		090B72BD1A80E21A00A04B62 /* b2EdgeAndCircleContact.cpp in Sources */ = {isa = PBXBuildFile; fileRef = 090B72751A80E21A00A04B62 /* b2EdgeAndCircleContact.cpp */; };
		090B72BE1A80E21A00A04B62 /* b2EdgeAndPolygonContact.cpp in Sources */ = {isa = PBXBuildFile; fileRef = 090B72771A80E21A00A04B62 /* b2EdgeAndPolygonContact.cpp */; };
		090B72BF1A80E21A00A04B62 /* b2PolygonAndCircleContact.cpp in Sources */ = {isa = PBXBuildFile; fileRef = 090B72791A80E21A00A04B62 /* b2PolygonAndCircleContact.cpp */; };
		090B72C01A80E21A00A04B62 /* b2PolygonContact.cpp in Sources */ = {isa = PBXBuildFile; fileRef = 090B727B1A80E21A00A04B62 /* b2PolygonContact.cpp */; };
		090B72C11A80E21A00A04B62 /* b2DistanceJoint.cpp in Sources */ = {isa = PBXBuildFile; fileRef = 090B727E1A80E21A00A04B62 /* b2DistanceJoint.cpp */; };
		090B72C21A80E21A00A04B62 /* b2FrictionJoint.cpp in Sources */ = {isa = PBXBuildFile; fileRef = 090B72801A80E21A00A04B62 /* b2FrictionJoint.cpp */; };
		090B72C31A80E21A00A04B62 /* b2GearJoint.cpp in Sources */ = {isa = PBXBuildFile; fileRef = 090B72821A80E21A00A04B62 /* b2GearJoint.cpp */; };
		090B72C41A80E21A00A04B62 /* b2Joint.cpp in Sources */ = {isa = PBXBuildFile; fileRef = 090B72841A80E21A00A04B62 /* b2Joint.cpp */; };
		090B72C51A80E21A00A04B62 /* b2MotorJoint.cpp in Sources */ = {isa = PBXBuildFile; fileRef = 090B72861A80E21A00A04B62 /* b2MotorJoint.cpp */; };
		090B72C61A80E21A00A04B62 /* b2MouseJoint.cpp in Sources */ = {isa = PBXBuildFile; fileRef = 090B72881A80E21A00A04B62 /* b2MouseJoint.cpp */; };
		090B72C71A80E21A00A04B62 /* b2PrismaticJoint.cpp in Sources */ = {isa = PBXBuildFile; fileRef = 090B728A1A80E21A00A04B62 /* b2PrismaticJoint.cpp */; };
		090B72C81A80E21A00A04B62 /* b2PulleyJoint.cpp in Sources */ = {isa = PBXBuildFile; fileRef = 090B728C1A80E21A00A04B62 /* b2PulleyJoint.cpp */; };
		090B72C91A80E21A00A04B62 /* b2RevoluteJoint.cpp in Sources */ = {isa = PBXBuildFile; fileRef = 090B728E1A80E21A00A04B62 /* b2RevoluteJoint.cpp */; };
		090B72CA1A80E21A00A04B62 /* b2RopeJoint.cpp in Sources */ = {isa = PBXBuildFile; fileRef = 090B72901A80E21A00A04B62 /* b2RopeJoint.cpp */; };
		090B72CB1A80E21A00A04B62 /* b2WeldJoint.cpp in Sources */ = {isa = PBXBuildFile; fileRef = 090B72921A80E21A00A04B62 /* b2WeldJoint.cpp */; };
		090B72CC1A80E21A00A04B62 /* b2WheelJoint.cpp in Sources */ = {isa = PBXBuildFile; fileRef = 090B72941A80E21A00A04B62 /* b2WheelJoint.cpp */; };
		090B72CD1A80E21A00A04B62 /* b2Rope.cpp in Sources */ = {isa = PBXBuildFile; fileRef = 090B72971A80E21A00A04B62 /* b2Rope.cpp */; };
		090B72CE1A80E21A00A04B62 /* del_impl.cpp in Sources */ = {isa = PBXBuildFile; fileRef = 090B729B1A80E21A00A04B62 /* del_impl.cpp */; };
		0918078E1A7728CD00BFB9D8 /* opencv.a in Frameworks */ = {isa = PBXBuildFile; fileRef = 0918077B1A7728CD00BFB9D8 /* opencv.a */; };
		0918078F1A7728CD00BFB9D8 /* ofxCvColorImage.cpp in Sources */ = {isa = PBXBuildFile; fileRef = 0918077E1A7728CD00BFB9D8 /* ofxCvColorImage.cpp */; };
		091807901A7728CD00BFB9D8 /* ofxCvContourFinder.cpp in Sources */ = {isa = PBXBuildFile; fileRef = 091807811A7728CD00BFB9D8 /* ofxCvContourFinder.cpp */; };
		091807911A7728CD00BFB9D8 /* ofxCvFloatImage.cpp in Sources */ = {isa = PBXBuildFile; fileRef = 091807831A7728CD00BFB9D8 /* ofxCvFloatImage.cpp */; };
		091807921A7728CD00BFB9D8 /* ofxCvGrayscaleImage.cpp in Sources */ = {isa = PBXBuildFile; fileRef = 091807851A7728CD00BFB9D8 /* ofxCvGrayscaleImage.cpp */; };
		091807931A7728CD00BFB9D8 /* ofxCvHaarFinder.cpp in Sources */ = {isa = PBXBuildFile; fileRef = 091807871A7728CD00BFB9D8 /* ofxCvHaarFinder.cpp */; };
		091807941A7728CD00BFB9D8 /* ofxCvImage.cpp in Sources */ = {isa = PBXBuildFile; fileRef = 091807891A7728CD00BFB9D8 /* ofxCvImage.cpp */; };
		091807951A7728CD00BFB9D8 /* ofxCvShortImage.cpp in Sources */ = {isa = PBXBuildFile; fileRef = 0918078B1A7728CD00BFB9D8 /* ofxCvShortImage.cpp */; };
		BBAB23CB13894F3D00AA2426 /* GLUT.framework in CopyFiles */ = {isa = PBXBuildFile; fileRef = BBAB23BE13894E4700AA2426 /* GLUT.framework */; };
		E4328149138ABC9F0047C5CB /* openFrameworksDebug.a in Frameworks */ = {isa = PBXBuildFile; fileRef = E4328148138ABC890047C5CB /* openFrameworksDebug.a */; };
		E45BE97B0E8CC7DD009D7055 /* AGL.framework in Frameworks */ = {isa = PBXBuildFile; fileRef = E45BE9710E8CC7DD009D7055 /* AGL.framework */; };
		E45BE97C0E8CC7DD009D7055 /* ApplicationServices.framework in Frameworks */ = {isa = PBXBuildFile; fileRef = E45BE9720E8CC7DD009D7055 /* ApplicationServices.framework */; };
		E45BE97D0E8CC7DD009D7055 /* AudioToolbox.framework in Frameworks */ = {isa = PBXBuildFile; fileRef = E45BE9730E8CC7DD009D7055 /* AudioToolbox.framework */; };
		E45BE97F0E8CC7DD009D7055 /* CoreAudio.framework in Frameworks */ = {isa = PBXBuildFile; fileRef = E45BE9750E8CC7DD009D7055 /* CoreAudio.framework */; };
		E45BE9800E8CC7DD009D7055 /* CoreFoundation.framework in Frameworks */ = {isa = PBXBuildFile; fileRef = E45BE9760E8CC7DD009D7055 /* CoreFoundation.framework */; };
		E45BE9810E8CC7DD009D7055 /* CoreServices.framework in Frameworks */ = {isa = PBXBuildFile; fileRef = E45BE9770E8CC7DD009D7055 /* CoreServices.framework */; };
		E45BE9830E8CC7DD009D7055 /* OpenGL.framework in Frameworks */ = {isa = PBXBuildFile; fileRef = E45BE9790E8CC7DD009D7055 /* OpenGL.framework */; };
		E45BE9840E8CC7DD009D7055 /* QuickTime.framework in Frameworks */ = {isa = PBXBuildFile; fileRef = E45BE97A0E8CC7DD009D7055 /* QuickTime.framework */; };
		E4B69E200A3A1BDC003C02F2 /* main.cpp in Sources */ = {isa = PBXBuildFile; fileRef = E4B69E1D0A3A1BDC003C02F2 /* main.cpp */; };
		E4B69E210A3A1BDC003C02F2 /* ofApp.cpp in Sources */ = {isa = PBXBuildFile; fileRef = E4B69E1E0A3A1BDC003C02F2 /* ofApp.cpp */; };
		E4C2424710CC5A17004149E2 /* AppKit.framework in Frameworks */ = {isa = PBXBuildFile; fileRef = E4C2424410CC5A17004149E2 /* AppKit.framework */; };
		E4C2424810CC5A17004149E2 /* Cocoa.framework in Frameworks */ = {isa = PBXBuildFile; fileRef = E4C2424510CC5A17004149E2 /* Cocoa.framework */; };
		E4C2424910CC5A17004149E2 /* IOKit.framework in Frameworks */ = {isa = PBXBuildFile; fileRef = E4C2424610CC5A17004149E2 /* IOKit.framework */; };
		E4EB6799138ADC1D00A09F29 /* GLUT.framework in Frameworks */ = {isa = PBXBuildFile; fileRef = BBAB23BE13894E4700AA2426 /* GLUT.framework */; };
		E7E077E515D3B63C0020DFD4 /* CoreVideo.framework in Frameworks */ = {isa = PBXBuildFile; fileRef = E7E077E415D3B63C0020DFD4 /* CoreVideo.framework */; };
		E7E077E815D3B6510020DFD4 /* QTKit.framework in Frameworks */ = {isa = PBXBuildFile; fileRef = E7E077E715D3B6510020DFD4 /* QTKit.framework */; };
		E7F985F815E0DEA3003869B5 /* Accelerate.framework in Frameworks */ = {isa = PBXBuildFile; fileRef = E7F985F515E0DE99003869B5 /* Accelerate.framework */; };
/* End PBXBuildFile section */

/* Begin PBXContainerItemProxy section */
		E4328147138ABC890047C5CB /* PBXContainerItemProxy */ = {
			isa = PBXContainerItemProxy;
			containerPortal = E4328143138ABC890047C5CB /* openFrameworksLib.xcodeproj */;
			proxyType = 2;
			remoteGlobalIDString = E4B27C1510CBEB8E00536013;
			remoteInfo = openFrameworks;
		};
		E4EEB9AB138B136A00A80321 /* PBXContainerItemProxy */ = {
			isa = PBXContainerItemProxy;
			containerPortal = E4328143138ABC890047C5CB /* openFrameworksLib.xcodeproj */;
			proxyType = 1;
			remoteGlobalIDString = E4B27C1410CBEB8E00536013;
			remoteInfo = openFrameworks;
		};
/* End PBXContainerItemProxy section */

/* Begin PBXCopyFilesBuildPhase section */
		E4C2427710CC5ABF004149E2 /* CopyFiles */ = {
			isa = PBXCopyFilesBuildPhase;
			buildActionMask = 2147483647;
			dstPath = "";
			dstSubfolderSpec = 10;
			files = (
				BBAB23CB13894F3D00AA2426 /* GLUT.framework in CopyFiles */,
			);
			runOnlyForDeploymentPostprocessing = 0;
		};
/* End PBXCopyFilesBuildPhase section */

/* Begin PBXFileReference section */
		090B6FE81A80579C00A04B62 /* ImageRoi.cpp */ = {isa = PBXFileReference; fileEncoding = 4; lastKnownFileType = sourcecode.cpp.cpp; path = ImageRoi.cpp; sourceTree = "<group>"; };
		090B6FE91A80579C00A04B62 /* ImageRoi.h */ = {isa = PBXFileReference; fileEncoding = 4; lastKnownFileType = sourcecode.c.h; path = ImageRoi.h; sourceTree = "<group>"; };
		090B719D1A80DACD00A04B62 /* ofxBox2d.cpp */ = {isa = PBXFileReference; fileEncoding = 4; lastKnownFileType = sourcecode.cpp.cpp; path = ofxBox2d.cpp; sourceTree = "<group>"; };
		090B719E1A80DACD00A04B62 /* ofxBox2d.h */ = {isa = PBXFileReference; fileEncoding = 4; lastKnownFileType = sourcecode.c.h; path = ofxBox2d.h; sourceTree = "<group>"; };
		090B719F1A80DACD00A04B62 /* ofxBox2dBaseShape.cpp */ = {isa = PBXFileReference; fileEncoding = 4; lastKnownFileType = sourcecode.cpp.cpp; path = ofxBox2dBaseShape.cpp; sourceTree = "<group>"; };
		090B71A01A80DACD00A04B62 /* ofxBox2dBaseShape.h */ = {isa = PBXFileReference; fileEncoding = 4; lastKnownFileType = sourcecode.c.h; path = ofxBox2dBaseShape.h; sourceTree = "<group>"; };
		090B71A11A80DACD00A04B62 /* ofxBox2dCircle.cpp */ = {isa = PBXFileReference; fileEncoding = 4; lastKnownFileType = sourcecode.cpp.cpp; path = ofxBox2dCircle.cpp; sourceTree = "<group>"; };
		090B71A21A80DACD00A04B62 /* ofxBox2dCircle.h */ = {isa = PBXFileReference; fileEncoding = 4; lastKnownFileType = sourcecode.c.h; path = ofxBox2dCircle.h; sourceTree = "<group>"; };
		090B71A31A80DACD00A04B62 /* ofxBox2dContactListener.h */ = {isa = PBXFileReference; fileEncoding = 4; lastKnownFileType = sourcecode.c.h; path = ofxBox2dContactListener.h; sourceTree = "<group>"; };
		090B71A41A80DACD00A04B62 /* ofxBox2dEdge.cpp */ = {isa = PBXFileReference; fileEncoding = 4; lastKnownFileType = sourcecode.cpp.cpp; path = ofxBox2dEdge.cpp; sourceTree = "<group>"; };
		090B71A51A80DACD00A04B62 /* ofxBox2dEdge.h */ = {isa = PBXFileReference; fileEncoding = 4; lastKnownFileType = sourcecode.c.h; path = ofxBox2dEdge.h; sourceTree = "<group>"; };
		090B71A61A80DACD00A04B62 /* ofxBox2dJoint.cpp */ = {isa = PBXFileReference; fileEncoding = 4; lastKnownFileType = sourcecode.cpp.cpp; path = ofxBox2dJoint.cpp; sourceTree = "<group>"; };
		090B71A71A80DACD00A04B62 /* ofxBox2dJoint.h */ = {isa = PBXFileReference; fileEncoding = 4; lastKnownFileType = sourcecode.c.h; path = ofxBox2dJoint.h; sourceTree = "<group>"; };
		090B71A81A80DACD00A04B62 /* ofxBox2dPolygon.cpp */ = {isa = PBXFileReference; fileEncoding = 4; lastKnownFileType = sourcecode.cpp.cpp; path = ofxBox2dPolygon.cpp; sourceTree = "<group>"; };
		090B71A91A80DACD00A04B62 /* ofxBox2dPolygon.h */ = {isa = PBXFileReference; fileEncoding = 4; lastKnownFileType = sourcecode.c.h; path = ofxBox2dPolygon.h; sourceTree = "<group>"; };
		090B71AA1A80DACD00A04B62 /* ofxBox2dPolygonUtils.h */ = {isa = PBXFileReference; fileEncoding = 4; lastKnownFileType = sourcecode.c.h; path = ofxBox2dPolygonUtils.h; sourceTree = "<group>"; };
		090B71AB1A80DACD00A04B62 /* ofxBox2dRect.cpp */ = {isa = PBXFileReference; fileEncoding = 4; lastKnownFileType = sourcecode.cpp.cpp; path = ofxBox2dRect.cpp; sourceTree = "<group>"; };
		090B71AC1A80DACD00A04B62 /* ofxBox2dRect.h */ = {isa = PBXFileReference; fileEncoding = 4; lastKnownFileType = sourcecode.c.h; path = ofxBox2dRect.h; sourceTree = "<group>"; };
		090B71AD1A80DACD00A04B62 /* ofxBox2dRender.h */ = {isa = PBXFileReference; fileEncoding = 4; lastKnownFileType = sourcecode.c.h; path = ofxBox2dRender.h; sourceTree = "<group>"; };
		090B71AE1A80DACD00A04B62 /* ofxBox2dUtils.h */ = {isa = PBXFileReference; fileEncoding = 4; lastKnownFileType = sourcecode.c.h; path = ofxBox2dUtils.h; sourceTree = "<group>"; };
		090B72351A80E21A00A04B62 /* Box2D.h */ = {isa = PBXFileReference; fileEncoding = 4; lastKnownFileType = sourcecode.c.h; path = Box2D.h; sourceTree = "<group>"; };
		090B72371A80E21A00A04B62 /* b2BroadPhase.cpp */ = {isa = PBXFileReference; fileEncoding = 4; lastKnownFileType = sourcecode.cpp.cpp; path = b2BroadPhase.cpp; sourceTree = "<group>"; };
		090B72381A80E21A00A04B62 /* b2BroadPhase.h */ = {isa = PBXFileReference; fileEncoding = 4; lastKnownFileType = sourcecode.c.h; path = b2BroadPhase.h; sourceTree = "<group>"; };
		090B72391A80E21A00A04B62 /* b2CollideCircle.cpp */ = {isa = PBXFileReference; fileEncoding = 4; lastKnownFileType = sourcecode.cpp.cpp; path = b2CollideCircle.cpp; sourceTree = "<group>"; };
		090B723A1A80E21A00A04B62 /* b2CollideEdge.cpp */ = {isa = PBXFileReference; fileEncoding = 4; lastKnownFileType = sourcecode.cpp.cpp; path = b2CollideEdge.cpp; sourceTree = "<group>"; };
		090B723B1A80E21A00A04B62 /* b2CollidePolygon.cpp */ = {isa = PBXFileReference; fileEncoding = 4; lastKnownFileType = sourcecode.cpp.cpp; path = b2CollidePolygon.cpp; sourceTree = "<group>"; };
		090B723C1A80E21A00A04B62 /* b2Collision.cpp */ = {isa = PBXFileReference; fileEncoding = 4; lastKnownFileType = sourcecode.cpp.cpp; path = b2Collision.cpp; sourceTree = "<group>"; };
		090B723D1A80E21A00A04B62 /* b2Collision.h */ = {isa = PBXFileReference; fileEncoding = 4; lastKnownFileType = sourcecode.c.h; path = b2Collision.h; sourceTree = "<group>"; };
		090B723E1A80E21A00A04B62 /* b2Distance.cpp */ = {isa = PBXFileReference; fileEncoding = 4; lastKnownFileType = sourcecode.cpp.cpp; path = b2Distance.cpp; sourceTree = "<group>"; };
		090B723F1A80E21A00A04B62 /* b2Distance.h */ = {isa = PBXFileReference; fileEncoding = 4; lastKnownFileType = sourcecode.c.h; path = b2Distance.h; sourceTree = "<group>"; };
		090B72401A80E21A00A04B62 /* b2DynamicTree.cpp */ = {isa = PBXFileReference; fileEncoding = 4; lastKnownFileType = sourcecode.cpp.cpp; path = b2DynamicTree.cpp; sourceTree = "<group>"; };
		090B72411A80E21A00A04B62 /* b2DynamicTree.h */ = {isa = PBXFileReference; fileEncoding = 4; lastKnownFileType = sourcecode.c.h; path = b2DynamicTree.h; sourceTree = "<group>"; };
		090B72421A80E21A00A04B62 /* b2TimeOfImpact.cpp */ = {isa = PBXFileReference; fileEncoding = 4; lastKnownFileType = sourcecode.cpp.cpp; path = b2TimeOfImpact.cpp; sourceTree = "<group>"; };
		090B72431A80E21A00A04B62 /* b2TimeOfImpact.h */ = {isa = PBXFileReference; fileEncoding = 4; lastKnownFileType = sourcecode.c.h; path = b2TimeOfImpact.h; sourceTree = "<group>"; };
		090B72451A80E21A00A04B62 /* b2ChainShape.cpp */ = {isa = PBXFileReference; fileEncoding = 4; lastKnownFileType = sourcecode.cpp.cpp; path = b2ChainShape.cpp; sourceTree = "<group>"; };
		090B72461A80E21A00A04B62 /* b2ChainShape.h */ = {isa = PBXFileReference; fileEncoding = 4; lastKnownFileType = sourcecode.c.h; path = b2ChainShape.h; sourceTree = "<group>"; };
		090B72471A80E21A00A04B62 /* b2CircleShape.cpp */ = {isa = PBXFileReference; fileEncoding = 4; lastKnownFileType = sourcecode.cpp.cpp; path = b2CircleShape.cpp; sourceTree = "<group>"; };
		090B72481A80E21A00A04B62 /* b2CircleShape.h */ = {isa = PBXFileReference; fileEncoding = 4; lastKnownFileType = sourcecode.c.h; path = b2CircleShape.h; sourceTree = "<group>"; };
		090B72491A80E21A00A04B62 /* b2EdgeShape.cpp */ = {isa = PBXFileReference; fileEncoding = 4; lastKnownFileType = sourcecode.cpp.cpp; path = b2EdgeShape.cpp; sourceTree = "<group>"; };
		090B724A1A80E21A00A04B62 /* b2EdgeShape.h */ = {isa = PBXFileReference; fileEncoding = 4; lastKnownFileType = sourcecode.c.h; path = b2EdgeShape.h; sourceTree = "<group>"; };
		090B724B1A80E21A00A04B62 /* b2PolygonShape.cpp */ = {isa = PBXFileReference; fileEncoding = 4; lastKnownFileType = sourcecode.cpp.cpp; path = b2PolygonShape.cpp; sourceTree = "<group>"; };
		090B724C1A80E21A00A04B62 /* b2PolygonShape.h */ = {isa = PBXFileReference; fileEncoding = 4; lastKnownFileType = sourcecode.c.h; path = b2PolygonShape.h; sourceTree = "<group>"; };
		090B724D1A80E21A00A04B62 /* b2Shape.h */ = {isa = PBXFileReference; fileEncoding = 4; lastKnownFileType = sourcecode.c.h; path = b2Shape.h; sourceTree = "<group>"; };
		090B724F1A80E21A00A04B62 /* b2BlockAllocator.cpp */ = {isa = PBXFileReference; fileEncoding = 4; lastKnownFileType = sourcecode.cpp.cpp; path = b2BlockAllocator.cpp; sourceTree = "<group>"; };
		090B72501A80E21A00A04B62 /* b2BlockAllocator.h */ = {isa = PBXFileReference; fileEncoding = 4; lastKnownFileType = sourcecode.c.h; path = b2BlockAllocator.h; sourceTree = "<group>"; };
		090B72511A80E21A00A04B62 /* b2Draw.cpp */ = {isa = PBXFileReference; fileEncoding = 4; lastKnownFileType = sourcecode.cpp.cpp; path = b2Draw.cpp; sourceTree = "<group>"; };
		090B72521A80E21A00A04B62 /* b2Draw.h */ = {isa = PBXFileReference; fileEncoding = 4; lastKnownFileType = sourcecode.c.h; path = b2Draw.h; sourceTree = "<group>"; };
		090B72531A80E21A00A04B62 /* b2GrowableStack.h */ = {isa = PBXFileReference; fileEncoding = 4; lastKnownFileType = sourcecode.c.h; path = b2GrowableStack.h; sourceTree = "<group>"; };
		090B72541A80E21A00A04B62 /* b2Math.cpp */ = {isa = PBXFileReference; fileEncoding = 4; lastKnownFileType = sourcecode.cpp.cpp; path = b2Math.cpp; sourceTree = "<group>"; };
		090B72551A80E21A00A04B62 /* b2Math.h */ = {isa = PBXFileReference; fileEncoding = 4; lastKnownFileType = sourcecode.c.h; path = b2Math.h; sourceTree = "<group>"; };
		090B72561A80E21A00A04B62 /* b2Settings.cpp */ = {isa = PBXFileReference; fileEncoding = 4; lastKnownFileType = sourcecode.cpp.cpp; path = b2Settings.cpp; sourceTree = "<group>"; };
		090B72571A80E21A00A04B62 /* b2Settings.h */ = {isa = PBXFileReference; fileEncoding = 4; lastKnownFileType = sourcecode.c.h; path = b2Settings.h; sourceTree = "<group>"; };
		090B72581A80E21A00A04B62 /* b2StackAllocator.cpp */ = {isa = PBXFileReference; fileEncoding = 4; lastKnownFileType = sourcecode.cpp.cpp; path = b2StackAllocator.cpp; sourceTree = "<group>"; };
		090B72591A80E21A00A04B62 /* b2StackAllocator.h */ = {isa = PBXFileReference; fileEncoding = 4; lastKnownFileType = sourcecode.c.h; path = b2StackAllocator.h; sourceTree = "<group>"; };
		090B725A1A80E21A00A04B62 /* b2Timer.cpp */ = {isa = PBXFileReference; fileEncoding = 4; lastKnownFileType = sourcecode.cpp.cpp; path = b2Timer.cpp; sourceTree = "<group>"; };
		090B725B1A80E21A00A04B62 /* b2Timer.h */ = {isa = PBXFileReference; fileEncoding = 4; lastKnownFileType = sourcecode.c.h; path = b2Timer.h; sourceTree = "<group>"; };
		090B725D1A80E21A00A04B62 /* b2Body.cpp */ = {isa = PBXFileReference; fileEncoding = 4; lastKnownFileType = sourcecode.cpp.cpp; path = b2Body.cpp; sourceTree = "<group>"; };
		090B725E1A80E21A00A04B62 /* b2Body.h */ = {isa = PBXFileReference; fileEncoding = 4; lastKnownFileType = sourcecode.c.h; path = b2Body.h; sourceTree = "<group>"; };
		090B725F1A80E21A00A04B62 /* b2ContactManager.cpp */ = {isa = PBXFileReference; fileEncoding = 4; lastKnownFileType = sourcecode.cpp.cpp; path = b2ContactManager.cpp; sourceTree = "<group>"; };
		090B72601A80E21A00A04B62 /* b2ContactManager.h */ = {isa = PBXFileReference; fileEncoding = 4; lastKnownFileType = sourcecode.c.h; path = b2ContactManager.h; sourceTree = "<group>"; };
		090B72611A80E21A00A04B62 /* b2Fixture.cpp */ = {isa = PBXFileReference; fileEncoding = 4; lastKnownFileType = sourcecode.cpp.cpp; path = b2Fixture.cpp; sourceTree = "<group>"; };
		090B72621A80E21A00A04B62 /* b2Fixture.h */ = {isa = PBXFileReference; fileEncoding = 4; lastKnownFileType = sourcecode.c.h; path = b2Fixture.h; sourceTree = "<group>"; };
		090B72631A80E21A00A04B62 /* b2Island.cpp */ = {isa = PBXFileReference; fileEncoding = 4; lastKnownFileType = sourcecode.cpp.cpp; path = b2Island.cpp; sourceTree = "<group>"; };
		090B72641A80E21A00A04B62 /* b2Island.h */ = {isa = PBXFileReference; fileEncoding = 4; lastKnownFileType = sourcecode.c.h; path = b2Island.h; sourceTree = "<group>"; };
		090B72651A80E21A00A04B62 /* b2TimeStep.h */ = {isa = PBXFileReference; fileEncoding = 4; lastKnownFileType = sourcecode.c.h; path = b2TimeStep.h; sourceTree = "<group>"; };
		090B72661A80E21A00A04B62 /* b2World.cpp */ = {isa = PBXFileReference; fileEncoding = 4; lastKnownFileType = sourcecode.cpp.cpp; path = b2World.cpp; sourceTree = "<group>"; };
		090B72671A80E21A00A04B62 /* b2World.h */ = {isa = PBXFileReference; fileEncoding = 4; lastKnownFileType = sourcecode.c.h; path = b2World.h; sourceTree = "<group>"; };
		090B72681A80E21A00A04B62 /* b2WorldCallbacks.cpp */ = {isa = PBXFileReference; fileEncoding = 4; lastKnownFileType = sourcecode.cpp.cpp; path = b2WorldCallbacks.cpp; sourceTree = "<group>"; };
		090B72691A80E21A00A04B62 /* b2WorldCallbacks.h */ = {isa = PBXFileReference; fileEncoding = 4; lastKnownFileType = sourcecode.c.h; path = b2WorldCallbacks.h; sourceTree = "<group>"; };
		090B726B1A80E21A00A04B62 /* b2ChainAndCircleContact.cpp */ = {isa = PBXFileReference; fileEncoding = 4; lastKnownFileType = sourcecode.cpp.cpp; path = b2ChainAndCircleContact.cpp; sourceTree = "<group>"; };
		090B726C1A80E21A00A04B62 /* b2ChainAndCircleContact.h */ = {isa = PBXFileReference; fileEncoding = 4; lastKnownFileType = sourcecode.c.h; path = b2ChainAndCircleContact.h; sourceTree = "<group>"; };
		090B726D1A80E21A00A04B62 /* b2ChainAndPolygonContact.cpp */ = {isa = PBXFileReference; fileEncoding = 4; lastKnownFileType = sourcecode.cpp.cpp; path = b2ChainAndPolygonContact.cpp; sourceTree = "<group>"; };
		090B726E1A80E21A00A04B62 /* b2ChainAndPolygonContact.h */ = {isa = PBXFileReference; fileEncoding = 4; lastKnownFileType = sourcecode.c.h; path = b2ChainAndPolygonContact.h; sourceTree = "<group>"; };
		090B726F1A80E21A00A04B62 /* b2CircleContact.cpp */ = {isa = PBXFileReference; fileEncoding = 4; lastKnownFileType = sourcecode.cpp.cpp; path = b2CircleContact.cpp; sourceTree = "<group>"; };
		090B72701A80E21A00A04B62 /* b2CircleContact.h */ = {isa = PBXFileReference; fileEncoding = 4; lastKnownFileType = sourcecode.c.h; path = b2CircleContact.h; sourceTree = "<group>"; };
		090B72711A80E21A00A04B62 /* b2Contact.cpp */ = {isa = PBXFileReference; fileEncoding = 4; lastKnownFileType = sourcecode.cpp.cpp; path = b2Contact.cpp; sourceTree = "<group>"; };
		090B72721A80E21A00A04B62 /* b2Contact.h */ = {isa = PBXFileReference; fileEncoding = 4; lastKnownFileType = sourcecode.c.h; path = b2Contact.h; sourceTree = "<group>"; };
		090B72731A80E21A00A04B62 /* b2ContactSolver.cpp */ = {isa = PBXFileReference; fileEncoding = 4; lastKnownFileType = sourcecode.cpp.cpp; path = b2ContactSolver.cpp; sourceTree = "<group>"; };
		090B72741A80E21A00A04B62 /* b2ContactSolver.h */ = {isa = PBXFileReference; fileEncoding = 4; lastKnownFileType = sourcecode.c.h; path = b2ContactSolver.h; sourceTree = "<group>"; };
		090B72751A80E21A00A04B62 /* b2EdgeAndCircleContact.cpp */ = {isa = PBXFileReference; fileEncoding = 4; lastKnownFileType = sourcecode.cpp.cpp; path = b2EdgeAndCircleContact.cpp; sourceTree = "<group>"; };
		090B72761A80E21A00A04B62 /* b2EdgeAndCircleContact.h */ = {isa = PBXFileReference; fileEncoding = 4; lastKnownFileType = sourcecode.c.h; path = b2EdgeAndCircleContact.h; sourceTree = "<group>"; };
		090B72771A80E21A00A04B62 /* b2EdgeAndPolygonContact.cpp */ = {isa = PBXFileReference; fileEncoding = 4; lastKnownFileType = sourcecode.cpp.cpp; path = b2EdgeAndPolygonContact.cpp; sourceTree = "<group>"; };
		090B72781A80E21A00A04B62 /* b2EdgeAndPolygonContact.h */ = {isa = PBXFileReference; fileEncoding = 4; lastKnownFileType = sourcecode.c.h; path = b2EdgeAndPolygonContact.h; sourceTree = "<group>"; };
		090B72791A80E21A00A04B62 /* b2PolygonAndCircleContact.cpp */ = {isa = PBXFileReference; fileEncoding = 4; lastKnownFileType = sourcecode.cpp.cpp; path = b2PolygonAndCircleContact.cpp; sourceTree = "<group>"; };
		090B727A1A80E21A00A04B62 /* b2PolygonAndCircleContact.h */ = {isa = PBXFileReference; fileEncoding = 4; lastKnownFileType = sourcecode.c.h; path = b2PolygonAndCircleContact.h; sourceTree = "<group>"; };
		090B727B1A80E21A00A04B62 /* b2PolygonContact.cpp */ = {isa = PBXFileReference; fileEncoding = 4; lastKnownFileType = sourcecode.cpp.cpp; path = b2PolygonContact.cpp; sourceTree = "<group>"; };
		090B727C1A80E21A00A04B62 /* b2PolygonContact.h */ = {isa = PBXFileReference; fileEncoding = 4; lastKnownFileType = sourcecode.c.h; path = b2PolygonContact.h; sourceTree = "<group>"; };
		090B727E1A80E21A00A04B62 /* b2DistanceJoint.cpp */ = {isa = PBXFileReference; fileEncoding = 4; lastKnownFileType = sourcecode.cpp.cpp; path = b2DistanceJoint.cpp; sourceTree = "<group>"; };
		090B727F1A80E21A00A04B62 /* b2DistanceJoint.h */ = {isa = PBXFileReference; fileEncoding = 4; lastKnownFileType = sourcecode.c.h; path = b2DistanceJoint.h; sourceTree = "<group>"; };
		090B72801A80E21A00A04B62 /* b2FrictionJoint.cpp */ = {isa = PBXFileReference; fileEncoding = 4; lastKnownFileType = sourcecode.cpp.cpp; path = b2FrictionJoint.cpp; sourceTree = "<group>"; };
		090B72811A80E21A00A04B62 /* b2FrictionJoint.h */ = {isa = PBXFileReference; fileEncoding = 4; lastKnownFileType = sourcecode.c.h; path = b2FrictionJoint.h; sourceTree = "<group>"; };
		090B72821A80E21A00A04B62 /* b2GearJoint.cpp */ = {isa = PBXFileReference; fileEncoding = 4; lastKnownFileType = sourcecode.cpp.cpp; path = b2GearJoint.cpp; sourceTree = "<group>"; };
		090B72831A80E21A00A04B62 /* b2GearJoint.h */ = {isa = PBXFileReference; fileEncoding = 4; lastKnownFileType = sourcecode.c.h; path = b2GearJoint.h; sourceTree = "<group>"; };
		090B72841A80E21A00A04B62 /* b2Joint.cpp */ = {isa = PBXFileReference; fileEncoding = 4; lastKnownFileType = sourcecode.cpp.cpp; path = b2Joint.cpp; sourceTree = "<group>"; };
		090B72851A80E21A00A04B62 /* b2Joint.h */ = {isa = PBXFileReference; fileEncoding = 4; lastKnownFileType = sourcecode.c.h; path = b2Joint.h; sourceTree = "<group>"; };
		090B72861A80E21A00A04B62 /* b2MotorJoint.cpp */ = {isa = PBXFileReference; fileEncoding = 4; lastKnownFileType = sourcecode.cpp.cpp; path = b2MotorJoint.cpp; sourceTree = "<group>"; };
		090B72871A80E21A00A04B62 /* b2MotorJoint.h */ = {isa = PBXFileReference; fileEncoding = 4; lastKnownFileType = sourcecode.c.h; path = b2MotorJoint.h; sourceTree = "<group>"; };
		090B72881A80E21A00A04B62 /* b2MouseJoint.cpp */ = {isa = PBXFileReference; fileEncoding = 4; lastKnownFileType = sourcecode.cpp.cpp; path = b2MouseJoint.cpp; sourceTree = "<group>"; };
		090B72891A80E21A00A04B62 /* b2MouseJoint.h */ = {isa = PBXFileReference; fileEncoding = 4; lastKnownFileType = sourcecode.c.h; path = b2MouseJoint.h; sourceTree = "<group>"; };
		090B728A1A80E21A00A04B62 /* b2PrismaticJoint.cpp */ = {isa = PBXFileReference; fileEncoding = 4; lastKnownFileType = sourcecode.cpp.cpp; path = b2PrismaticJoint.cpp; sourceTree = "<group>"; };
		090B728B1A80E21A00A04B62 /* b2PrismaticJoint.h */ = {isa = PBXFileReference; fileEncoding = 4; lastKnownFileType = sourcecode.c.h; path = b2PrismaticJoint.h; sourceTree = "<group>"; };
		090B728C1A80E21A00A04B62 /* b2PulleyJoint.cpp */ = {isa = PBXFileReference; fileEncoding = 4; lastKnownFileType = sourcecode.cpp.cpp; path = b2PulleyJoint.cpp; sourceTree = "<group>"; };
		090B728D1A80E21A00A04B62 /* b2PulleyJoint.h */ = {isa = PBXFileReference; fileEncoding = 4; lastKnownFileType = sourcecode.c.h; path = b2PulleyJoint.h; sourceTree = "<group>"; };
		090B728E1A80E21A00A04B62 /* b2RevoluteJoint.cpp */ = {isa = PBXFileReference; fileEncoding = 4; lastKnownFileType = sourcecode.cpp.cpp; path = b2RevoluteJoint.cpp; sourceTree = "<group>"; };
		090B728F1A80E21A00A04B62 /* b2RevoluteJoint.h */ = {isa = PBXFileReference; fileEncoding = 4; lastKnownFileType = sourcecode.c.h; path = b2RevoluteJoint.h; sourceTree = "<group>"; };
		090B72901A80E21A00A04B62 /* b2RopeJoint.cpp */ = {isa = PBXFileReference; fileEncoding = 4; lastKnownFileType = sourcecode.cpp.cpp; path = b2RopeJoint.cpp; sourceTree = "<group>"; };
		090B72911A80E21A00A04B62 /* b2RopeJoint.h */ = {isa = PBXFileReference; fileEncoding = 4; lastKnownFileType = sourcecode.c.h; path = b2RopeJoint.h; sourceTree = "<group>"; };
		090B72921A80E21A00A04B62 /* b2WeldJoint.cpp */ = {isa = PBXFileReference; fileEncoding = 4; lastKnownFileType = sourcecode.cpp.cpp; path = b2WeldJoint.cpp; sourceTree = "<group>"; };
		090B72931A80E21A00A04B62 /* b2WeldJoint.h */ = {isa = PBXFileReference; fileEncoding = 4; lastKnownFileType = sourcecode.c.h; path = b2WeldJoint.h; sourceTree = "<group>"; };
		090B72941A80E21A00A04B62 /* b2WheelJoint.cpp */ = {isa = PBXFileReference; fileEncoding = 4; lastKnownFileType = sourcecode.cpp.cpp; path = b2WheelJoint.cpp; sourceTree = "<group>"; };
		090B72951A80E21A00A04B62 /* b2WheelJoint.h */ = {isa = PBXFileReference; fileEncoding = 4; lastKnownFileType = sourcecode.c.h; path = b2WheelJoint.h; sourceTree = "<group>"; };
		090B72971A80E21A00A04B62 /* b2Rope.cpp */ = {isa = PBXFileReference; fileEncoding = 4; lastKnownFileType = sourcecode.cpp.cpp; path = b2Rope.cpp; sourceTree = "<group>"; };
		090B72981A80E21A00A04B62 /* b2Rope.h */ = {isa = PBXFileReference; fileEncoding = 4; lastKnownFileType = sourcecode.c.h; path = b2Rope.h; sourceTree = "<group>"; };
		090B729A1A80E21A00A04B62 /* assert.hpp */ = {isa = PBXFileReference; fileEncoding = 4; lastKnownFileType = sourcecode.cpp.h; path = assert.hpp; sourceTree = "<group>"; };
		090B729B1A80E21A00A04B62 /* del_impl.cpp */ = {isa = PBXFileReference; fileEncoding = 4; lastKnownFileType = sourcecode.cpp.cpp; path = del_impl.cpp; sourceTree = "<group>"; };
		090B729C1A80E21A00A04B62 /* del_interface.hpp */ = {isa = PBXFileReference; fileEncoding = 4; lastKnownFileType = sourcecode.cpp.h; path = del_interface.hpp; sourceTree = "<group>"; };
		090B729D1A80E21A00A04B62 /* dpoint.hpp */ = {isa = PBXFileReference; fileEncoding = 4; lastKnownFileType = sourcecode.cpp.h; path = dpoint.hpp; sourceTree = "<group>"; };
		090B729E1A80E21A00A04B62 /* triangle.h */ = {isa = PBXFileReference; fileEncoding = 4; lastKnownFileType = sourcecode.c.h; path = triangle.h; sourceTree = "<group>"; };
		090B729F1A80E21A00A04B62 /* triangle_impl.hpp */ = {isa = PBXFileReference; fileEncoding = 4; lastKnownFileType = sourcecode.cpp.h; path = triangle_impl.hpp; sourceTree = "<group>"; };
		091807141A7728CD00BFB9D8 /* addon_config.mk */ = {isa = PBXFileReference; fileEncoding = 4; lastKnownFileType = text; path = addon_config.mk; sourceTree = "<group>"; };
		091807191A7728CD00BFB9D8 /* cv.h */ = {isa = PBXFileReference; fileEncoding = 4; lastKnownFileType = sourcecode.c.h; path = cv.h; sourceTree = "<group>"; };
		0918071A1A7728CD00BFB9D8 /* cv.hpp */ = {isa = PBXFileReference; fileEncoding = 4; lastKnownFileType = sourcecode.cpp.h; path = cv.hpp; sourceTree = "<group>"; };
		0918071B1A7728CD00BFB9D8 /* cvaux.h */ = {isa = PBXFileReference; fileEncoding = 4; lastKnownFileType = sourcecode.c.h; path = cvaux.h; sourceTree = "<group>"; };
		0918071C1A7728CD00BFB9D8 /* cvaux.hpp */ = {isa = PBXFileReference; fileEncoding = 4; lastKnownFileType = sourcecode.cpp.h; path = cvaux.hpp; sourceTree = "<group>"; };
		0918071D1A7728CD00BFB9D8 /* cvwimage.h */ = {isa = PBXFileReference; fileEncoding = 4; lastKnownFileType = sourcecode.c.h; path = cvwimage.h; sourceTree = "<group>"; };
		0918071E1A7728CD00BFB9D8 /* cxcore.h */ = {isa = PBXFileReference; fileEncoding = 4; lastKnownFileType = sourcecode.c.h; path = cxcore.h; sourceTree = "<group>"; };
		0918071F1A7728CD00BFB9D8 /* cxcore.hpp */ = {isa = PBXFileReference; fileEncoding = 4; lastKnownFileType = sourcecode.cpp.h; path = cxcore.hpp; sourceTree = "<group>"; };
		091807201A7728CD00BFB9D8 /* cxeigen.hpp */ = {isa = PBXFileReference; fileEncoding = 4; lastKnownFileType = sourcecode.cpp.h; path = cxeigen.hpp; sourceTree = "<group>"; };
		091807211A7728CD00BFB9D8 /* cxmisc.h */ = {isa = PBXFileReference; fileEncoding = 4; lastKnownFileType = sourcecode.c.h; path = cxmisc.h; sourceTree = "<group>"; };
		091807221A7728CD00BFB9D8 /* highgui.h */ = {isa = PBXFileReference; fileEncoding = 4; lastKnownFileType = sourcecode.c.h; path = highgui.h; sourceTree = "<group>"; };
		091807231A7728CD00BFB9D8 /* ml.h */ = {isa = PBXFileReference; fileEncoding = 4; lastKnownFileType = sourcecode.c.h; path = ml.h; sourceTree = "<group>"; };
		091807261A7728CD00BFB9D8 /* calib3d.hpp */ = {isa = PBXFileReference; fileEncoding = 4; lastKnownFileType = sourcecode.cpp.h; path = calib3d.hpp; sourceTree = "<group>"; };
		091807281A7728CD00BFB9D8 /* contrib.hpp */ = {isa = PBXFileReference; fileEncoding = 4; lastKnownFileType = sourcecode.cpp.h; path = contrib.hpp; sourceTree = "<group>"; };
		091807291A7728CD00BFB9D8 /* retina.hpp */ = {isa = PBXFileReference; fileEncoding = 4; lastKnownFileType = sourcecode.cpp.h; path = retina.hpp; sourceTree = "<group>"; };
		0918072B1A7728CD00BFB9D8 /* core.hpp */ = {isa = PBXFileReference; fileEncoding = 4; lastKnownFileType = sourcecode.cpp.h; path = core.hpp; sourceTree = "<group>"; };
		0918072C1A7728CD00BFB9D8 /* core_c.h */ = {isa = PBXFileReference; fileEncoding = 4; lastKnownFileType = sourcecode.c.h; path = core_c.h; sourceTree = "<group>"; };
		0918072D1A7728CD00BFB9D8 /* eigen.hpp */ = {isa = PBXFileReference; fileEncoding = 4; lastKnownFileType = sourcecode.cpp.h; path = eigen.hpp; sourceTree = "<group>"; };
		0918072E1A7728CD00BFB9D8 /* internal.hpp */ = {isa = PBXFileReference; fileEncoding = 4; lastKnownFileType = sourcecode.cpp.h; path = internal.hpp; sourceTree = "<group>"; };
		0918072F1A7728CD00BFB9D8 /* mat.hpp */ = {isa = PBXFileReference; fileEncoding = 4; lastKnownFileType = sourcecode.cpp.h; path = mat.hpp; sourceTree = "<group>"; };
		091807301A7728CD00BFB9D8 /* operations.hpp */ = {isa = PBXFileReference; fileEncoding = 4; lastKnownFileType = sourcecode.cpp.h; path = operations.hpp; sourceTree = "<group>"; };
		091807311A7728CD00BFB9D8 /* types_c.h */ = {isa = PBXFileReference; fileEncoding = 4; lastKnownFileType = sourcecode.c.h; path = types_c.h; sourceTree = "<group>"; };
		091807321A7728CD00BFB9D8 /* version.hpp */ = {isa = PBXFileReference; fileEncoding = 4; lastKnownFileType = sourcecode.cpp.h; path = version.hpp; sourceTree = "<group>"; };
		091807331A7728CD00BFB9D8 /* wimage.hpp */ = {isa = PBXFileReference; fileEncoding = 4; lastKnownFileType = sourcecode.cpp.h; path = wimage.hpp; sourceTree = "<group>"; };
		091807351A7728CD00BFB9D8 /* features2d.hpp */ = {isa = PBXFileReference; fileEncoding = 4; lastKnownFileType = sourcecode.cpp.h; path = features2d.hpp; sourceTree = "<group>"; };
		091807371A7728CD00BFB9D8 /* all_indices.h */ = {isa = PBXFileReference; fileEncoding = 4; lastKnownFileType = sourcecode.c.h; path = all_indices.h; sourceTree = "<group>"; };
		091807381A7728CD00BFB9D8 /* allocator.h */ = {isa = PBXFileReference; fileEncoding = 4; lastKnownFileType = sourcecode.c.h; path = allocator.h; sourceTree = "<group>"; };
		091807391A7728CD00BFB9D8 /* any.h */ = {isa = PBXFileReference; fileEncoding = 4; lastKnownFileType = sourcecode.c.h; path = any.h; sourceTree = "<group>"; };
		0918073A1A7728CD00BFB9D8 /* autotuned_index.h */ = {isa = PBXFileReference; fileEncoding = 4; lastKnownFileType = sourcecode.c.h; path = autotuned_index.h; sourceTree = "<group>"; };
		0918073B1A7728CD00BFB9D8 /* composite_index.h */ = {isa = PBXFileReference; fileEncoding = 4; lastKnownFileType = sourcecode.c.h; path = composite_index.h; sourceTree = "<group>"; };
		0918073C1A7728CD00BFB9D8 /* config.h */ = {isa = PBXFileReference; fileEncoding = 4; lastKnownFileType = sourcecode.c.h; path = config.h; sourceTree = "<group>"; };
		0918073D1A7728CD00BFB9D8 /* defines.h */ = {isa = PBXFileReference; fileEncoding = 4; lastKnownFileType = sourcecode.c.h; path = defines.h; sourceTree = "<group>"; };
		0918073E1A7728CD00BFB9D8 /* dist.h */ = {isa = PBXFileReference; fileEncoding = 4; lastKnownFileType = sourcecode.c.h; path = dist.h; sourceTree = "<group>"; };
		0918073F1A7728CD00BFB9D8 /* dummy.h */ = {isa = PBXFileReference; fileEncoding = 4; lastKnownFileType = sourcecode.c.h; path = dummy.h; sourceTree = "<group>"; };
		091807401A7728CD00BFB9D8 /* dynamic_bitset.h */ = {isa = PBXFileReference; fileEncoding = 4; lastKnownFileType = sourcecode.c.h; path = dynamic_bitset.h; sourceTree = "<group>"; };
		091807411A7728CD00BFB9D8 /* flann.hpp */ = {isa = PBXFileReference; fileEncoding = 4; lastKnownFileType = sourcecode.cpp.h; path = flann.hpp; sourceTree = "<group>"; };
		091807421A7728CD00BFB9D8 /* flann_base.hpp */ = {isa = PBXFileReference; fileEncoding = 4; lastKnownFileType = sourcecode.cpp.h; path = flann_base.hpp; sourceTree = "<group>"; };
		091807431A7728CD00BFB9D8 /* general.h */ = {isa = PBXFileReference; fileEncoding = 4; lastKnownFileType = sourcecode.c.h; path = general.h; sourceTree = "<group>"; };
		091807441A7728CD00BFB9D8 /* ground_truth.h */ = {isa = PBXFileReference; fileEncoding = 4; lastKnownFileType = sourcecode.c.h; path = ground_truth.h; sourceTree = "<group>"; };
		091807451A7728CD00BFB9D8 /* hdf5.h */ = {isa = PBXFileReference; fileEncoding = 4; lastKnownFileType = sourcecode.c.h; path = hdf5.h; sourceTree = "<group>"; };
		091807461A7728CD00BFB9D8 /* heap.h */ = {isa = PBXFileReference; fileEncoding = 4; lastKnownFileType = sourcecode.c.h; path = heap.h; sourceTree = "<group>"; };
		091807471A7728CD00BFB9D8 /* hierarchical_clustering_index.h */ = {isa = PBXFileReference; fileEncoding = 4; lastKnownFileType = sourcecode.c.h; path = hierarchical_clustering_index.h; sourceTree = "<group>"; };
		091807481A7728CD00BFB9D8 /* index_testing.h */ = {isa = PBXFileReference; fileEncoding = 4; lastKnownFileType = sourcecode.c.h; path = index_testing.h; sourceTree = "<group>"; };
		091807491A7728CD00BFB9D8 /* kdtree_index.h */ = {isa = PBXFileReference; fileEncoding = 4; lastKnownFileType = sourcecode.c.h; path = kdtree_index.h; sourceTree = "<group>"; };
		0918074A1A7728CD00BFB9D8 /* kdtree_single_index.h */ = {isa = PBXFileReference; fileEncoding = 4; lastKnownFileType = sourcecode.c.h; path = kdtree_single_index.h; sourceTree = "<group>"; };
		0918074B1A7728CD00BFB9D8 /* kmeans_index.h */ = {isa = PBXFileReference; fileEncoding = 4; lastKnownFileType = sourcecode.c.h; path = kmeans_index.h; sourceTree = "<group>"; };
		0918074C1A7728CD00BFB9D8 /* linear_index.h */ = {isa = PBXFileReference; fileEncoding = 4; lastKnownFileType = sourcecode.c.h; path = linear_index.h; sourceTree = "<group>"; };
		0918074D1A7728CD00BFB9D8 /* logger.h */ = {isa = PBXFileReference; fileEncoding = 4; lastKnownFileType = sourcecode.c.h; path = logger.h; sourceTree = "<group>"; };
		0918074E1A7728CD00BFB9D8 /* lsh_index.h */ = {isa = PBXFileReference; fileEncoding = 4; lastKnownFileType = sourcecode.c.h; path = lsh_index.h; sourceTree = "<group>"; };
		0918074F1A7728CD00BFB9D8 /* lsh_table.h */ = {isa = PBXFileReference; fileEncoding = 4; lastKnownFileType = sourcecode.c.h; path = lsh_table.h; sourceTree = "<group>"; };
		091807501A7728CD00BFB9D8 /* matrix.h */ = {isa = PBXFileReference; fileEncoding = 4; lastKnownFileType = sourcecode.c.h; path = matrix.h; sourceTree = "<group>"; };
		091807511A7728CD00BFB9D8 /* miniflann.hpp */ = {isa = PBXFileReference; fileEncoding = 4; lastKnownFileType = sourcecode.cpp.h; path = miniflann.hpp; sourceTree = "<group>"; };
		091807521A7728CD00BFB9D8 /* nn_index.h */ = {isa = PBXFileReference; fileEncoding = 4; lastKnownFileType = sourcecode.c.h; path = nn_index.h; sourceTree = "<group>"; };
		091807531A7728CD00BFB9D8 /* object_factory.h */ = {isa = PBXFileReference; fileEncoding = 4; lastKnownFileType = sourcecode.c.h; path = object_factory.h; sourceTree = "<group>"; };
		091807541A7728CD00BFB9D8 /* params.h */ = {isa = PBXFileReference; fileEncoding = 4; lastKnownFileType = sourcecode.c.h; path = params.h; sourceTree = "<group>"; };
		091807551A7728CD00BFB9D8 /* random.h */ = {isa = PBXFileReference; fileEncoding = 4; lastKnownFileType = sourcecode.c.h; path = random.h; sourceTree = "<group>"; };
		091807561A7728CD00BFB9D8 /* result_set.h */ = {isa = PBXFileReference; fileEncoding = 4; lastKnownFileType = sourcecode.c.h; path = result_set.h; sourceTree = "<group>"; };
		091807571A7728CD00BFB9D8 /* sampling.h */ = {isa = PBXFileReference; fileEncoding = 4; lastKnownFileType = sourcecode.c.h; path = sampling.h; sourceTree = "<group>"; };
		091807581A7728CD00BFB9D8 /* saving.h */ = {isa = PBXFileReference; fileEncoding = 4; lastKnownFileType = sourcecode.c.h; path = saving.h; sourceTree = "<group>"; };
		091807591A7728CD00BFB9D8 /* simplex_downhill.h */ = {isa = PBXFileReference; fileEncoding = 4; lastKnownFileType = sourcecode.c.h; path = simplex_downhill.h; sourceTree = "<group>"; };
		0918075A1A7728CD00BFB9D8 /* timer.h */ = {isa = PBXFileReference; fileEncoding = 4; lastKnownFileType = sourcecode.c.h; path = timer.h; sourceTree = "<group>"; };
		0918075C1A7728CD00BFB9D8 /* devmem2d.hpp */ = {isa = PBXFileReference; fileEncoding = 4; lastKnownFileType = sourcecode.cpp.h; path = devmem2d.hpp; sourceTree = "<group>"; };
		0918075D1A7728CD00BFB9D8 /* gpu.hpp */ = {isa = PBXFileReference; fileEncoding = 4; lastKnownFileType = sourcecode.cpp.h; path = gpu.hpp; sourceTree = "<group>"; };
		0918075E1A7728CD00BFB9D8 /* gpumat.hpp */ = {isa = PBXFileReference; fileEncoding = 4; lastKnownFileType = sourcecode.cpp.h; path = gpumat.hpp; sourceTree = "<group>"; };
		0918075F1A7728CD00BFB9D8 /* matrix_operations.hpp */ = {isa = PBXFileReference; fileEncoding = 4; lastKnownFileType = sourcecode.cpp.h; path = matrix_operations.hpp; sourceTree = "<group>"; };
		091807601A7728CD00BFB9D8 /* stream_accessor.hpp */ = {isa = PBXFileReference; fileEncoding = 4; lastKnownFileType = sourcecode.cpp.h; path = stream_accessor.hpp; sourceTree = "<group>"; };
		091807621A7728CD00BFB9D8 /* highgui.hpp */ = {isa = PBXFileReference; fileEncoding = 4; lastKnownFileType = sourcecode.cpp.h; path = highgui.hpp; sourceTree = "<group>"; };
		091807631A7728CD00BFB9D8 /* highgui_c.h */ = {isa = PBXFileReference; fileEncoding = 4; lastKnownFileType = sourcecode.c.h; path = highgui_c.h; sourceTree = "<group>"; };
		091807651A7728CD00BFB9D8 /* imgproc.hpp */ = {isa = PBXFileReference; fileEncoding = 4; lastKnownFileType = sourcecode.cpp.h; path = imgproc.hpp; sourceTree = "<group>"; };
		091807661A7728CD00BFB9D8 /* imgproc_c.h */ = {isa = PBXFileReference; fileEncoding = 4; lastKnownFileType = sourcecode.c.h; path = imgproc_c.h; sourceTree = "<group>"; };
		091807671A7728CD00BFB9D8 /* types_c.h */ = {isa = PBXFileReference; fileEncoding = 4; lastKnownFileType = sourcecode.c.h; path = types_c.h; sourceTree = "<group>"; };
		091807691A7728CD00BFB9D8 /* blobtrack.hpp */ = {isa = PBXFileReference; fileEncoding = 4; lastKnownFileType = sourcecode.cpp.h; path = blobtrack.hpp; sourceTree = "<group>"; };
		0918076A1A7728CD00BFB9D8 /* compat.hpp */ = {isa = PBXFileReference; fileEncoding = 4; lastKnownFileType = sourcecode.cpp.h; path = compat.hpp; sourceTree = "<group>"; };
		0918076B1A7728CD00BFB9D8 /* legacy.hpp */ = {isa = PBXFileReference; fileEncoding = 4; lastKnownFileType = sourcecode.cpp.h; path = legacy.hpp; sourceTree = "<group>"; };
		0918076C1A7728CD00BFB9D8 /* streams.hpp */ = {isa = PBXFileReference; fileEncoding = 4; lastKnownFileType = sourcecode.cpp.h; path = streams.hpp; sourceTree = "<group>"; };
		0918076E1A7728CD00BFB9D8 /* ml.hpp */ = {isa = PBXFileReference; fileEncoding = 4; lastKnownFileType = sourcecode.cpp.h; path = ml.hpp; sourceTree = "<group>"; };
		091807701A7728CD00BFB9D8 /* objdetect.hpp */ = {isa = PBXFileReference; fileEncoding = 4; lastKnownFileType = sourcecode.cpp.h; path = objdetect.hpp; sourceTree = "<group>"; };
		091807711A7728CD00BFB9D8 /* opencv.hpp */ = {isa = PBXFileReference; fileEncoding = 4; lastKnownFileType = sourcecode.cpp.h; path = opencv.hpp; sourceTree = "<group>"; };
		091807731A7728CD00BFB9D8 /* ts.hpp */ = {isa = PBXFileReference; fileEncoding = 4; lastKnownFileType = sourcecode.cpp.h; path = ts.hpp; sourceTree = "<group>"; };
		091807741A7728CD00BFB9D8 /* ts_gtest.h */ = {isa = PBXFileReference; fileEncoding = 4; lastKnownFileType = sourcecode.c.h; path = ts_gtest.h; sourceTree = "<group>"; };
		091807761A7728CD00BFB9D8 /* background_segm.hpp */ = {isa = PBXFileReference; fileEncoding = 4; lastKnownFileType = sourcecode.cpp.h; path = background_segm.hpp; sourceTree = "<group>"; };
		091807771A7728CD00BFB9D8 /* tracking.hpp */ = {isa = PBXFileReference; fileEncoding = 4; lastKnownFileType = sourcecode.cpp.h; path = tracking.hpp; sourceTree = "<group>"; };
		091807781A7728CD00BFB9D8 /* video.hpp */ = {isa = PBXFileReference; fileEncoding = 4; lastKnownFileType = sourcecode.cpp.h; path = video.hpp; sourceTree = "<group>"; };
		0918077B1A7728CD00BFB9D8 /* opencv.a */ = {isa = PBXFileReference; lastKnownFileType = archive.ar; path = opencv.a; sourceTree = "<group>"; };
		0918077D1A7728CD00BFB9D8 /* ofxCvBlob.h */ = {isa = PBXFileReference; fileEncoding = 4; lastKnownFileType = sourcecode.c.h; path = ofxCvBlob.h; sourceTree = "<group>"; };
		0918077E1A7728CD00BFB9D8 /* ofxCvColorImage.cpp */ = {isa = PBXFileReference; fileEncoding = 4; lastKnownFileType = sourcecode.cpp.cpp; path = ofxCvColorImage.cpp; sourceTree = "<group>"; };
		0918077F1A7728CD00BFB9D8 /* ofxCvColorImage.h */ = {isa = PBXFileReference; fileEncoding = 4; lastKnownFileType = sourcecode.c.h; path = ofxCvColorImage.h; sourceTree = "<group>"; };
		091807801A7728CD00BFB9D8 /* ofxCvConstants.h */ = {isa = PBXFileReference; fileEncoding = 4; lastKnownFileType = sourcecode.c.h; path = ofxCvConstants.h; sourceTree = "<group>"; };
		091807811A7728CD00BFB9D8 /* ofxCvContourFinder.cpp */ = {isa = PBXFileReference; fileEncoding = 4; lastKnownFileType = sourcecode.cpp.cpp; path = ofxCvContourFinder.cpp; sourceTree = "<group>"; };
		091807821A7728CD00BFB9D8 /* ofxCvContourFinder.h */ = {isa = PBXFileReference; fileEncoding = 4; lastKnownFileType = sourcecode.c.h; path = ofxCvContourFinder.h; sourceTree = "<group>"; };
		091807831A7728CD00BFB9D8 /* ofxCvFloatImage.cpp */ = {isa = PBXFileReference; fileEncoding = 4; lastKnownFileType = sourcecode.cpp.cpp; path = ofxCvFloatImage.cpp; sourceTree = "<group>"; };
		091807841A7728CD00BFB9D8 /* ofxCvFloatImage.h */ = {isa = PBXFileReference; fileEncoding = 4; lastKnownFileType = sourcecode.c.h; path = ofxCvFloatImage.h; sourceTree = "<group>"; };
		091807851A7728CD00BFB9D8 /* ofxCvGrayscaleImage.cpp */ = {isa = PBXFileReference; fileEncoding = 4; lastKnownFileType = sourcecode.cpp.cpp; path = ofxCvGrayscaleImage.cpp; sourceTree = "<group>"; };
		091807861A7728CD00BFB9D8 /* ofxCvGrayscaleImage.h */ = {isa = PBXFileReference; fileEncoding = 4; lastKnownFileType = sourcecode.c.h; path = ofxCvGrayscaleImage.h; sourceTree = "<group>"; };
		091807871A7728CD00BFB9D8 /* ofxCvHaarFinder.cpp */ = {isa = PBXFileReference; fileEncoding = 4; lastKnownFileType = sourcecode.cpp.cpp; path = ofxCvHaarFinder.cpp; sourceTree = "<group>"; };
		091807881A7728CD00BFB9D8 /* ofxCvHaarFinder.h */ = {isa = PBXFileReference; fileEncoding = 4; lastKnownFileType = sourcecode.c.h; path = ofxCvHaarFinder.h; sourceTree = "<group>"; };
		091807891A7728CD00BFB9D8 /* ofxCvImage.cpp */ = {isa = PBXFileReference; fileEncoding = 4; lastKnownFileType = sourcecode.cpp.cpp; path = ofxCvImage.cpp; sourceTree = "<group>"; };
		0918078A1A7728CD00BFB9D8 /* ofxCvImage.h */ = {isa = PBXFileReference; fileEncoding = 4; lastKnownFileType = sourcecode.c.h; path = ofxCvImage.h; sourceTree = "<group>"; };
		0918078B1A7728CD00BFB9D8 /* ofxCvShortImage.cpp */ = {isa = PBXFileReference; fileEncoding = 4; lastKnownFileType = sourcecode.cpp.cpp; path = ofxCvShortImage.cpp; sourceTree = "<group>"; };
		0918078C1A7728CD00BFB9D8 /* ofxCvShortImage.h */ = {isa = PBXFileReference; fileEncoding = 4; lastKnownFileType = sourcecode.c.h; path = ofxCvShortImage.h; sourceTree = "<group>"; };
		0918078D1A7728CD00BFB9D8 /* ofxOpenCv.h */ = {isa = PBXFileReference; fileEncoding = 4; lastKnownFileType = sourcecode.c.h; path = ofxOpenCv.h; sourceTree = "<group>"; };
		BBAB23BE13894E4700AA2426 /* GLUT.framework */ = {isa = PBXFileReference; lastKnownFileType = wrapper.framework; name = GLUT.framework; path = ../../../libs/glut/lib/osx/GLUT.framework; sourceTree = "<group>"; };
		E4328143138ABC890047C5CB /* openFrameworksLib.xcodeproj */ = {isa = PBXFileReference; lastKnownFileType = "wrapper.pb-project"; name = openFrameworksLib.xcodeproj; path = ../../../libs/openFrameworksCompiled/project/osx/openFrameworksLib.xcodeproj; sourceTree = SOURCE_ROOT; };
		E45BE9710E8CC7DD009D7055 /* AGL.framework */ = {isa = PBXFileReference; lastKnownFileType = wrapper.framework; name = AGL.framework; path = /System/Library/Frameworks/AGL.framework; sourceTree = "<absolute>"; };
		E45BE9720E8CC7DD009D7055 /* ApplicationServices.framework */ = {isa = PBXFileReference; lastKnownFileType = wrapper.framework; name = ApplicationServices.framework; path = /System/Library/Frameworks/ApplicationServices.framework; sourceTree = "<absolute>"; };
		E45BE9730E8CC7DD009D7055 /* AudioToolbox.framework */ = {isa = PBXFileReference; lastKnownFileType = wrapper.framework; name = AudioToolbox.framework; path = /System/Library/Frameworks/AudioToolbox.framework; sourceTree = "<absolute>"; };
		E45BE9750E8CC7DD009D7055 /* CoreAudio.framework */ = {isa = PBXFileReference; lastKnownFileType = wrapper.framework; name = CoreAudio.framework; path = /System/Library/Frameworks/CoreAudio.framework; sourceTree = "<absolute>"; };
		E45BE9760E8CC7DD009D7055 /* CoreFoundation.framework */ = {isa = PBXFileReference; lastKnownFileType = wrapper.framework; name = CoreFoundation.framework; path = /System/Library/Frameworks/CoreFoundation.framework; sourceTree = "<absolute>"; };
		E45BE9770E8CC7DD009D7055 /* CoreServices.framework */ = {isa = PBXFileReference; lastKnownFileType = wrapper.framework; name = CoreServices.framework; path = /System/Library/Frameworks/CoreServices.framework; sourceTree = "<absolute>"; };
		E45BE9790E8CC7DD009D7055 /* OpenGL.framework */ = {isa = PBXFileReference; lastKnownFileType = wrapper.framework; name = OpenGL.framework; path = /System/Library/Frameworks/OpenGL.framework; sourceTree = "<absolute>"; };
		E45BE97A0E8CC7DD009D7055 /* QuickTime.framework */ = {isa = PBXFileReference; lastKnownFileType = wrapper.framework; name = QuickTime.framework; path = /System/Library/Frameworks/QuickTime.framework; sourceTree = "<absolute>"; };
		E4B69B5B0A3A1756003C02F2 /* emptyExampleDebug.app */ = {isa = PBXFileReference; explicitFileType = wrapper.application; includeInIndex = 0; path = emptyExampleDebug.app; sourceTree = BUILT_PRODUCTS_DIR; };
		E4B69E1D0A3A1BDC003C02F2 /* main.cpp */ = {isa = PBXFileReference; fileEncoding = 30; lastKnownFileType = sourcecode.cpp.cpp; name = main.cpp; path = src/main.cpp; sourceTree = SOURCE_ROOT; };
		E4B69E1E0A3A1BDC003C02F2 /* ofApp.cpp */ = {isa = PBXFileReference; explicitFileType = sourcecode.cpp.cpp; fileEncoding = 4; name = ofApp.cpp; path = src/ofApp.cpp; sourceTree = SOURCE_ROOT; };
		E4B69E1F0A3A1BDC003C02F2 /* ofApp.h */ = {isa = PBXFileReference; fileEncoding = 4; lastKnownFileType = sourcecode.c.h; name = ofApp.h; path = src/ofApp.h; sourceTree = SOURCE_ROOT; };
		E4B6FCAD0C3E899E008CF71C /* openFrameworks-Info.plist */ = {isa = PBXFileReference; fileEncoding = 30; lastKnownFileType = text.plist.xml; path = "openFrameworks-Info.plist"; sourceTree = "<group>"; };
		E4C2424410CC5A17004149E2 /* AppKit.framework */ = {isa = PBXFileReference; lastKnownFileType = wrapper.framework; name = AppKit.framework; path = /System/Library/Frameworks/AppKit.framework; sourceTree = "<absolute>"; };
		E4C2424510CC5A17004149E2 /* Cocoa.framework */ = {isa = PBXFileReference; lastKnownFileType = wrapper.framework; name = Cocoa.framework; path = /System/Library/Frameworks/Cocoa.framework; sourceTree = "<absolute>"; };
		E4C2424610CC5A17004149E2 /* IOKit.framework */ = {isa = PBXFileReference; lastKnownFileType = wrapper.framework; name = IOKit.framework; path = /System/Library/Frameworks/IOKit.framework; sourceTree = "<absolute>"; };
		E4EB691F138AFCF100A09F29 /* CoreOF.xcconfig */ = {isa = PBXFileReference; fileEncoding = 4; lastKnownFileType = text.xcconfig; name = CoreOF.xcconfig; path = ../../../libs/openFrameworksCompiled/project/osx/CoreOF.xcconfig; sourceTree = SOURCE_ROOT; };
		E4EB6923138AFD0F00A09F29 /* Project.xcconfig */ = {isa = PBXFileReference; fileEncoding = 4; lastKnownFileType = text.xcconfig; path = Project.xcconfig; sourceTree = "<group>"; };
		E7E077E415D3B63C0020DFD4 /* CoreVideo.framework */ = {isa = PBXFileReference; lastKnownFileType = wrapper.framework; name = CoreVideo.framework; path = /System/Library/Frameworks/CoreVideo.framework; sourceTree = "<absolute>"; };
		E7E077E715D3B6510020DFD4 /* QTKit.framework */ = {isa = PBXFileReference; lastKnownFileType = wrapper.framework; name = QTKit.framework; path = /System/Library/Frameworks/QTKit.framework; sourceTree = "<absolute>"; };
		E7F985F515E0DE99003869B5 /* Accelerate.framework */ = {isa = PBXFileReference; lastKnownFileType = wrapper.framework; name = Accelerate.framework; path = /System/Library/Frameworks/Accelerate.framework; sourceTree = "<absolute>"; };
/* End PBXFileReference section */

/* Begin PBXFrameworksBuildPhase section */
		E4B69B590A3A1756003C02F2 /* Frameworks */ = {
			isa = PBXFrameworksBuildPhase;
			buildActionMask = 2147483647;
			files = (
				E7F985F815E0DEA3003869B5 /* Accelerate.framework in Frameworks */,
				E7E077E815D3B6510020DFD4 /* QTKit.framework in Frameworks */,
				E4EB6799138ADC1D00A09F29 /* GLUT.framework in Frameworks */,
				E4328149138ABC9F0047C5CB /* openFrameworksDebug.a in Frameworks */,
				E45BE97B0E8CC7DD009D7055 /* AGL.framework in Frameworks */,
				E45BE97C0E8CC7DD009D7055 /* ApplicationServices.framework in Frameworks */,
				E45BE97D0E8CC7DD009D7055 /* AudioToolbox.framework in Frameworks */,
				E45BE97F0E8CC7DD009D7055 /* CoreAudio.framework in Frameworks */,
				E45BE9800E8CC7DD009D7055 /* CoreFoundation.framework in Frameworks */,
				E45BE9810E8CC7DD009D7055 /* CoreServices.framework in Frameworks */,
				E45BE9830E8CC7DD009D7055 /* OpenGL.framework in Frameworks */,
				E45BE9840E8CC7DD009D7055 /* QuickTime.framework in Frameworks */,
				E4C2424710CC5A17004149E2 /* AppKit.framework in Frameworks */,
				E4C2424810CC5A17004149E2 /* Cocoa.framework in Frameworks */,
				0918078E1A7728CD00BFB9D8 /* opencv.a in Frameworks */,
				E4C2424910CC5A17004149E2 /* IOKit.framework in Frameworks */,
				E7E077E515D3B63C0020DFD4 /* CoreVideo.framework in Frameworks */,
			);
			runOnlyForDeploymentPostprocessing = 0;
		};
/* End PBXFrameworksBuildPhase section */

/* Begin PBXGroup section */
		090B6FED1A80DAC900A04B62 /* ofxBox2d */ = {
			isa = PBXGroup;
			children = (
				090B72331A80E21A00A04B62 /* libs */,
				090B719C1A80DACD00A04B62 /* src */,
			);
			name = ofxBox2d;
			path = ../../../addons/ofxBox2d;
			sourceTree = "<group>";
		};
		090B719C1A80DACD00A04B62 /* src */ = {
			isa = PBXGroup;
			children = (
				090B719D1A80DACD00A04B62 /* ofxBox2d.cpp */,
				090B719E1A80DACD00A04B62 /* ofxBox2d.h */,
				090B719F1A80DACD00A04B62 /* ofxBox2dBaseShape.cpp */,
				090B71A01A80DACD00A04B62 /* ofxBox2dBaseShape.h */,
				090B71A11A80DACD00A04B62 /* ofxBox2dCircle.cpp */,
				090B71A21A80DACD00A04B62 /* ofxBox2dCircle.h */,
				090B71A31A80DACD00A04B62 /* ofxBox2dContactListener.h */,
				090B71A41A80DACD00A04B62 /* ofxBox2dEdge.cpp */,
				090B71A51A80DACD00A04B62 /* ofxBox2dEdge.h */,
				090B71A61A80DACD00A04B62 /* ofxBox2dJoint.cpp */,
				090B71A71A80DACD00A04B62 /* ofxBox2dJoint.h */,
				090B71A81A80DACD00A04B62 /* ofxBox2dPolygon.cpp */,
				090B71A91A80DACD00A04B62 /* ofxBox2dPolygon.h */,
				090B71AA1A80DACD00A04B62 /* ofxBox2dPolygonUtils.h */,
				090B71AB1A80DACD00A04B62 /* ofxBox2dRect.cpp */,
				090B71AC1A80DACD00A04B62 /* ofxBox2dRect.h */,
				090B71AD1A80DACD00A04B62 /* ofxBox2dRender.h */,
				090B71AE1A80DACD00A04B62 /* ofxBox2dUtils.h */,
			);
			path = src;
			sourceTree = "<group>";
		};
		090B72331A80E21A00A04B62 /* libs */ = {
			isa = PBXGroup;
			children = (
				090B72341A80E21A00A04B62 /* Box2D */,
				090B72991A80E21A00A04B62 /* triangle */,
			);
			path = libs;
			sourceTree = "<group>";
		};
		090B72341A80E21A00A04B62 /* Box2D */ = {
			isa = PBXGroup;
			children = (
				090B72351A80E21A00A04B62 /* Box2D.h */,
				090B72361A80E21A00A04B62 /* Collision */,
				090B724E1A80E21A00A04B62 /* Common */,
				090B725C1A80E21A00A04B62 /* Dynamics */,
				090B72961A80E21A00A04B62 /* Rope */,
			);
			path = Box2D;
			sourceTree = "<group>";
		};
		090B72361A80E21A00A04B62 /* Collision */ = {
			isa = PBXGroup;
			children = (
				090B72371A80E21A00A04B62 /* b2BroadPhase.cpp */,
				090B72381A80E21A00A04B62 /* b2BroadPhase.h */,
				090B72391A80E21A00A04B62 /* b2CollideCircle.cpp */,
				090B723A1A80E21A00A04B62 /* b2CollideEdge.cpp */,
				090B723B1A80E21A00A04B62 /* b2CollidePolygon.cpp */,
				090B723C1A80E21A00A04B62 /* b2Collision.cpp */,
				090B723D1A80E21A00A04B62 /* b2Collision.h */,
				090B723E1A80E21A00A04B62 /* b2Distance.cpp */,
				090B723F1A80E21A00A04B62 /* b2Distance.h */,
				090B72401A80E21A00A04B62 /* b2DynamicTree.cpp */,
				090B72411A80E21A00A04B62 /* b2DynamicTree.h */,
				090B72421A80E21A00A04B62 /* b2TimeOfImpact.cpp */,
				090B72431A80E21A00A04B62 /* b2TimeOfImpact.h */,
				090B72441A80E21A00A04B62 /* Shapes */,
			);
			path = Collision;
			sourceTree = "<group>";
		};
		090B72441A80E21A00A04B62 /* Shapes */ = {
			isa = PBXGroup;
			children = (
				090B72451A80E21A00A04B62 /* b2ChainShape.cpp */,
				090B72461A80E21A00A04B62 /* b2ChainShape.h */,
				090B72471A80E21A00A04B62 /* b2CircleShape.cpp */,
				090B72481A80E21A00A04B62 /* b2CircleShape.h */,
				090B72491A80E21A00A04B62 /* b2EdgeShape.cpp */,
				090B724A1A80E21A00A04B62 /* b2EdgeShape.h */,
				090B724B1A80E21A00A04B62 /* b2PolygonShape.cpp */,
				090B724C1A80E21A00A04B62 /* b2PolygonShape.h */,
				090B724D1A80E21A00A04B62 /* b2Shape.h */,
			);
			path = Shapes;
			sourceTree = "<group>";
		};
		090B724E1A80E21A00A04B62 /* Common */ = {
			isa = PBXGroup;
			children = (
				090B724F1A80E21A00A04B62 /* b2BlockAllocator.cpp */,
				090B72501A80E21A00A04B62 /* b2BlockAllocator.h */,
				090B72511A80E21A00A04B62 /* b2Draw.cpp */,
				090B72521A80E21A00A04B62 /* b2Draw.h */,
				090B72531A80E21A00A04B62 /* b2GrowableStack.h */,
				090B72541A80E21A00A04B62 /* b2Math.cpp */,
				090B72551A80E21A00A04B62 /* b2Math.h */,
				090B72561A80E21A00A04B62 /* b2Settings.cpp */,
				090B72571A80E21A00A04B62 /* b2Settings.h */,
				090B72581A80E21A00A04B62 /* b2StackAllocator.cpp */,
				090B72591A80E21A00A04B62 /* b2StackAllocator.h */,
				090B725A1A80E21A00A04B62 /* b2Timer.cpp */,
				090B725B1A80E21A00A04B62 /* b2Timer.h */,
			);
			path = Common;
			sourceTree = "<group>";
		};
		090B725C1A80E21A00A04B62 /* Dynamics */ = {
			isa = PBXGroup;
			children = (
				090B725D1A80E21A00A04B62 /* b2Body.cpp */,
				090B725E1A80E21A00A04B62 /* b2Body.h */,
				090B725F1A80E21A00A04B62 /* b2ContactManager.cpp */,
				090B72601A80E21A00A04B62 /* b2ContactManager.h */,
				090B72611A80E21A00A04B62 /* b2Fixture.cpp */,
				090B72621A80E21A00A04B62 /* b2Fixture.h */,
				090B72631A80E21A00A04B62 /* b2Island.cpp */,
				090B72641A80E21A00A04B62 /* b2Island.h */,
				090B72651A80E21A00A04B62 /* b2TimeStep.h */,
				090B72661A80E21A00A04B62 /* b2World.cpp */,
				090B72671A80E21A00A04B62 /* b2World.h */,
				090B72681A80E21A00A04B62 /* b2WorldCallbacks.cpp */,
				090B72691A80E21A00A04B62 /* b2WorldCallbacks.h */,
				090B726A1A80E21A00A04B62 /* Contacts */,
				090B727D1A80E21A00A04B62 /* Joints */,
			);
			path = Dynamics;
			sourceTree = "<group>";
		};
		090B726A1A80E21A00A04B62 /* Contacts */ = {
			isa = PBXGroup;
			children = (
				090B726B1A80E21A00A04B62 /* b2ChainAndCircleContact.cpp */,
				090B726C1A80E21A00A04B62 /* b2ChainAndCircleContact.h */,
				090B726D1A80E21A00A04B62 /* b2ChainAndPolygonContact.cpp */,
				090B726E1A80E21A00A04B62 /* b2ChainAndPolygonContact.h */,
				090B726F1A80E21A00A04B62 /* b2CircleContact.cpp */,
				090B72701A80E21A00A04B62 /* b2CircleContact.h */,
				090B72711A80E21A00A04B62 /* b2Contact.cpp */,
				090B72721A80E21A00A04B62 /* b2Contact.h */,
				090B72731A80E21A00A04B62 /* b2ContactSolver.cpp */,
				090B72741A80E21A00A04B62 /* b2ContactSolver.h */,
				090B72751A80E21A00A04B62 /* b2EdgeAndCircleContact.cpp */,
				090B72761A80E21A00A04B62 /* b2EdgeAndCircleContact.h */,
				090B72771A80E21A00A04B62 /* b2EdgeAndPolygonContact.cpp */,
				090B72781A80E21A00A04B62 /* b2EdgeAndPolygonContact.h */,
				090B72791A80E21A00A04B62 /* b2PolygonAndCircleContact.cpp */,
				090B727A1A80E21A00A04B62 /* b2PolygonAndCircleContact.h */,
				090B727B1A80E21A00A04B62 /* b2PolygonContact.cpp */,
				090B727C1A80E21A00A04B62 /* b2PolygonContact.h */,
			);
			path = Contacts;
			sourceTree = "<group>";
		};
		090B727D1A80E21A00A04B62 /* Joints */ = {
			isa = PBXGroup;
			children = (
				090B727E1A80E21A00A04B62 /* b2DistanceJoint.cpp */,
				090B727F1A80E21A00A04B62 /* b2DistanceJoint.h */,
				090B72801A80E21A00A04B62 /* b2FrictionJoint.cpp */,
				090B72811A80E21A00A04B62 /* b2FrictionJoint.h */,
				090B72821A80E21A00A04B62 /* b2GearJoint.cpp */,
				090B72831A80E21A00A04B62 /* b2GearJoint.h */,
				090B72841A80E21A00A04B62 /* b2Joint.cpp */,
				090B72851A80E21A00A04B62 /* b2Joint.h */,
				090B72861A80E21A00A04B62 /* b2MotorJoint.cpp */,
				090B72871A80E21A00A04B62 /* b2MotorJoint.h */,
				090B72881A80E21A00A04B62 /* b2MouseJoint.cpp */,
				090B72891A80E21A00A04B62 /* b2MouseJoint.h */,
				090B728A1A80E21A00A04B62 /* b2PrismaticJoint.cpp */,
				090B728B1A80E21A00A04B62 /* b2PrismaticJoint.h */,
				090B728C1A80E21A00A04B62 /* b2PulleyJoint.cpp */,
				090B728D1A80E21A00A04B62 /* b2PulleyJoint.h */,
				090B728E1A80E21A00A04B62 /* b2RevoluteJoint.cpp */,
				090B728F1A80E21A00A04B62 /* b2RevoluteJoint.h */,
				090B72901A80E21A00A04B62 /* b2RopeJoint.cpp */,
				090B72911A80E21A00A04B62 /* b2RopeJoint.h */,
				090B72921A80E21A00A04B62 /* b2WeldJoint.cpp */,
				090B72931A80E21A00A04B62 /* b2WeldJoint.h */,
				090B72941A80E21A00A04B62 /* b2WheelJoint.cpp */,
				090B72951A80E21A00A04B62 /* b2WheelJoint.h */,
			);
			path = Joints;
			sourceTree = "<group>";
		};
		090B72961A80E21A00A04B62 /* Rope */ = {
			isa = PBXGroup;
			children = (
				090B72971A80E21A00A04B62 /* b2Rope.cpp */,
				090B72981A80E21A00A04B62 /* b2Rope.h */,
			);
			path = Rope;
			sourceTree = "<group>";
		};
		090B72991A80E21A00A04B62 /* triangle */ = {
			isa = PBXGroup;
			children = (
				090B729A1A80E21A00A04B62 /* assert.hpp */,
				090B729B1A80E21A00A04B62 /* del_impl.cpp */,
				090B729C1A80E21A00A04B62 /* del_interface.hpp */,
				090B729D1A80E21A00A04B62 /* dpoint.hpp */,
				090B729E1A80E21A00A04B62 /* triangle.h */,
				090B729F1A80E21A00A04B62 /* triangle_impl.hpp */,
			);
			path = triangle;
			sourceTree = "<group>";
		};
		091807131A7728CD00BFB9D8 /* ofxOpenCv */ = {
			isa = PBXGroup;
			children = (
				091807141A7728CD00BFB9D8 /* addon_config.mk */,
				091807151A7728CD00BFB9D8 /* libs */,
				0918077C1A7728CD00BFB9D8 /* src */,
			);
			name = ofxOpenCv;
			path = ../../../addons/ofxOpenCv;
			sourceTree = "<group>";
		};
		091807151A7728CD00BFB9D8 /* libs */ = {
			isa = PBXGroup;
			children = (
				091807161A7728CD00BFB9D8 /* opencv */,
			);
			path = libs;
			sourceTree = "<group>";
		};
		091807161A7728CD00BFB9D8 /* opencv */ = {
			isa = PBXGroup;
			children = (
				091807171A7728CD00BFB9D8 /* include */,
				091807791A7728CD00BFB9D8 /* lib */,
			);
			path = opencv;
			sourceTree = "<group>";
		};
		091807171A7728CD00BFB9D8 /* include */ = {
			isa = PBXGroup;
			children = (
				091807181A7728CD00BFB9D8 /* opencv */,
				091807241A7728CD00BFB9D8 /* opencv2 */,
			);
			path = include;
			sourceTree = "<group>";
		};
		091807181A7728CD00BFB9D8 /* opencv */ = {
			isa = PBXGroup;
			children = (
				091807191A7728CD00BFB9D8 /* cv.h */,
				0918071A1A7728CD00BFB9D8 /* cv.hpp */,
				0918071B1A7728CD00BFB9D8 /* cvaux.h */,
				0918071C1A7728CD00BFB9D8 /* cvaux.hpp */,
				0918071D1A7728CD00BFB9D8 /* cvwimage.h */,
				0918071E1A7728CD00BFB9D8 /* cxcore.h */,
				0918071F1A7728CD00BFB9D8 /* cxcore.hpp */,
				091807201A7728CD00BFB9D8 /* cxeigen.hpp */,
				091807211A7728CD00BFB9D8 /* cxmisc.h */,
				091807221A7728CD00BFB9D8 /* highgui.h */,
				091807231A7728CD00BFB9D8 /* ml.h */,
			);
			path = opencv;
			sourceTree = "<group>";
		};
		091807241A7728CD00BFB9D8 /* opencv2 */ = {
			isa = PBXGroup;
			children = (
				091807251A7728CD00BFB9D8 /* calib3d */,
				091807271A7728CD00BFB9D8 /* contrib */,
				0918072A1A7728CD00BFB9D8 /* core */,
				091807341A7728CD00BFB9D8 /* features2d */,
				091807361A7728CD00BFB9D8 /* flann */,
				0918075B1A7728CD00BFB9D8 /* gpu */,
				091807611A7728CD00BFB9D8 /* highgui */,
				091807641A7728CD00BFB9D8 /* imgproc */,
				091807681A7728CD00BFB9D8 /* legacy */,
				0918076D1A7728CD00BFB9D8 /* ml */,
				0918076F1A7728CD00BFB9D8 /* objdetect */,
				091807711A7728CD00BFB9D8 /* opencv.hpp */,
				091807721A7728CD00BFB9D8 /* ts */,
				091807751A7728CD00BFB9D8 /* video */,
			);
			path = opencv2;
			sourceTree = "<group>";
		};
		091807251A7728CD00BFB9D8 /* calib3d */ = {
			isa = PBXGroup;
			children = (
				091807261A7728CD00BFB9D8 /* calib3d.hpp */,
			);
			path = calib3d;
			sourceTree = "<group>";
		};
		091807271A7728CD00BFB9D8 /* contrib */ = {
			isa = PBXGroup;
			children = (
				091807281A7728CD00BFB9D8 /* contrib.hpp */,
				091807291A7728CD00BFB9D8 /* retina.hpp */,
			);
			path = contrib;
			sourceTree = "<group>";
		};
		0918072A1A7728CD00BFB9D8 /* core */ = {
			isa = PBXGroup;
			children = (
				0918072B1A7728CD00BFB9D8 /* core.hpp */,
				0918072C1A7728CD00BFB9D8 /* core_c.h */,
				0918072D1A7728CD00BFB9D8 /* eigen.hpp */,
				0918072E1A7728CD00BFB9D8 /* internal.hpp */,
				0918072F1A7728CD00BFB9D8 /* mat.hpp */,
				091807301A7728CD00BFB9D8 /* operations.hpp */,
				091807311A7728CD00BFB9D8 /* types_c.h */,
				091807321A7728CD00BFB9D8 /* version.hpp */,
				091807331A7728CD00BFB9D8 /* wimage.hpp */,
			);
			path = core;
			sourceTree = "<group>";
		};
		091807341A7728CD00BFB9D8 /* features2d */ = {
			isa = PBXGroup;
			children = (
				091807351A7728CD00BFB9D8 /* features2d.hpp */,
			);
			path = features2d;
			sourceTree = "<group>";
		};
		091807361A7728CD00BFB9D8 /* flann */ = {
			isa = PBXGroup;
			children = (
				091807371A7728CD00BFB9D8 /* all_indices.h */,
				091807381A7728CD00BFB9D8 /* allocator.h */,
				091807391A7728CD00BFB9D8 /* any.h */,
				0918073A1A7728CD00BFB9D8 /* autotuned_index.h */,
				0918073B1A7728CD00BFB9D8 /* composite_index.h */,
				0918073C1A7728CD00BFB9D8 /* config.h */,
				0918073D1A7728CD00BFB9D8 /* defines.h */,
				0918073E1A7728CD00BFB9D8 /* dist.h */,
				0918073F1A7728CD00BFB9D8 /* dummy.h */,
				091807401A7728CD00BFB9D8 /* dynamic_bitset.h */,
				091807411A7728CD00BFB9D8 /* flann.hpp */,
				091807421A7728CD00BFB9D8 /* flann_base.hpp */,
				091807431A7728CD00BFB9D8 /* general.h */,
				091807441A7728CD00BFB9D8 /* ground_truth.h */,
				091807451A7728CD00BFB9D8 /* hdf5.h */,
				091807461A7728CD00BFB9D8 /* heap.h */,
				091807471A7728CD00BFB9D8 /* hierarchical_clustering_index.h */,
				091807481A7728CD00BFB9D8 /* index_testing.h */,
				091807491A7728CD00BFB9D8 /* kdtree_index.h */,
				0918074A1A7728CD00BFB9D8 /* kdtree_single_index.h */,
				0918074B1A7728CD00BFB9D8 /* kmeans_index.h */,
				0918074C1A7728CD00BFB9D8 /* linear_index.h */,
				0918074D1A7728CD00BFB9D8 /* logger.h */,
				0918074E1A7728CD00BFB9D8 /* lsh_index.h */,
				0918074F1A7728CD00BFB9D8 /* lsh_table.h */,
				091807501A7728CD00BFB9D8 /* matrix.h */,
				091807511A7728CD00BFB9D8 /* miniflann.hpp */,
				091807521A7728CD00BFB9D8 /* nn_index.h */,
				091807531A7728CD00BFB9D8 /* object_factory.h */,
				091807541A7728CD00BFB9D8 /* params.h */,
				091807551A7728CD00BFB9D8 /* random.h */,
				091807561A7728CD00BFB9D8 /* result_set.h */,
				091807571A7728CD00BFB9D8 /* sampling.h */,
				091807581A7728CD00BFB9D8 /* saving.h */,
				091807591A7728CD00BFB9D8 /* simplex_downhill.h */,
				0918075A1A7728CD00BFB9D8 /* timer.h */,
			);
			path = flann;
			sourceTree = "<group>";
		};
		0918075B1A7728CD00BFB9D8 /* gpu */ = {
			isa = PBXGroup;
			children = (
				0918075C1A7728CD00BFB9D8 /* devmem2d.hpp */,
				0918075D1A7728CD00BFB9D8 /* gpu.hpp */,
				0918075E1A7728CD00BFB9D8 /* gpumat.hpp */,
				0918075F1A7728CD00BFB9D8 /* matrix_operations.hpp */,
				091807601A7728CD00BFB9D8 /* stream_accessor.hpp */,
			);
			path = gpu;
			sourceTree = "<group>";
		};
		091807611A7728CD00BFB9D8 /* highgui */ = {
			isa = PBXGroup;
			children = (
				091807621A7728CD00BFB9D8 /* highgui.hpp */,
				091807631A7728CD00BFB9D8 /* highgui_c.h */,
			);
			path = highgui;
			sourceTree = "<group>";
		};
		091807641A7728CD00BFB9D8 /* imgproc */ = {
			isa = PBXGroup;
			children = (
				091807651A7728CD00BFB9D8 /* imgproc.hpp */,
				091807661A7728CD00BFB9D8 /* imgproc_c.h */,
				091807671A7728CD00BFB9D8 /* types_c.h */,
			);
			path = imgproc;
			sourceTree = "<group>";
		};
		091807681A7728CD00BFB9D8 /* legacy */ = {
			isa = PBXGroup;
			children = (
				091807691A7728CD00BFB9D8 /* blobtrack.hpp */,
				0918076A1A7728CD00BFB9D8 /* compat.hpp */,
				0918076B1A7728CD00BFB9D8 /* legacy.hpp */,
				0918076C1A7728CD00BFB9D8 /* streams.hpp */,
			);
			path = legacy;
			sourceTree = "<group>";
		};
		0918076D1A7728CD00BFB9D8 /* ml */ = {
			isa = PBXGroup;
			children = (
				0918076E1A7728CD00BFB9D8 /* ml.hpp */,
			);
			path = ml;
			sourceTree = "<group>";
		};
		0918076F1A7728CD00BFB9D8 /* objdetect */ = {
			isa = PBXGroup;
			children = (
				091807701A7728CD00BFB9D8 /* objdetect.hpp */,
			);
			path = objdetect;
			sourceTree = "<group>";
		};
		091807721A7728CD00BFB9D8 /* ts */ = {
			isa = PBXGroup;
			children = (
				091807731A7728CD00BFB9D8 /* ts.hpp */,
				091807741A7728CD00BFB9D8 /* ts_gtest.h */,
			);
			path = ts;
			sourceTree = "<group>";
		};
		091807751A7728CD00BFB9D8 /* video */ = {
			isa = PBXGroup;
			children = (
				091807761A7728CD00BFB9D8 /* background_segm.hpp */,
				091807771A7728CD00BFB9D8 /* tracking.hpp */,
				091807781A7728CD00BFB9D8 /* video.hpp */,
			);
			path = video;
			sourceTree = "<group>";
		};
		091807791A7728CD00BFB9D8 /* lib */ = {
			isa = PBXGroup;
			children = (
				0918077A1A7728CD00BFB9D8 /* osx */,
			);
			path = lib;
			sourceTree = "<group>";
		};
		0918077A1A7728CD00BFB9D8 /* osx */ = {
			isa = PBXGroup;
			children = (
				0918077B1A7728CD00BFB9D8 /* opencv.a */,
			);
			path = osx;
			sourceTree = "<group>";
		};
		0918077C1A7728CD00BFB9D8 /* src */ = {
			isa = PBXGroup;
			children = (
				0918077D1A7728CD00BFB9D8 /* ofxCvBlob.h */,
				0918077E1A7728CD00BFB9D8 /* ofxCvColorImage.cpp */,
				0918077F1A7728CD00BFB9D8 /* ofxCvColorImage.h */,
				091807801A7728CD00BFB9D8 /* ofxCvConstants.h */,
				091807811A7728CD00BFB9D8 /* ofxCvContourFinder.cpp */,
				091807821A7728CD00BFB9D8 /* ofxCvContourFinder.h */,
				091807831A7728CD00BFB9D8 /* ofxCvFloatImage.cpp */,
				091807841A7728CD00BFB9D8 /* ofxCvFloatImage.h */,
				091807851A7728CD00BFB9D8 /* ofxCvGrayscaleImage.cpp */,
				091807861A7728CD00BFB9D8 /* ofxCvGrayscaleImage.h */,
				091807871A7728CD00BFB9D8 /* ofxCvHaarFinder.cpp */,
				091807881A7728CD00BFB9D8 /* ofxCvHaarFinder.h */,
				091807891A7728CD00BFB9D8 /* ofxCvImage.cpp */,
				0918078A1A7728CD00BFB9D8 /* ofxCvImage.h */,
				0918078B1A7728CD00BFB9D8 /* ofxCvShortImage.cpp */,
				0918078C1A7728CD00BFB9D8 /* ofxCvShortImage.h */,
				0918078D1A7728CD00BFB9D8 /* ofxOpenCv.h */,
			);
			path = src;
			sourceTree = "<group>";
		};
		BB4B014C10F69532006C3DED /* addons */ = {
			isa = PBXGroup;
			children = (
				090B6FED1A80DAC900A04B62 /* ofxBox2d */,
				091807131A7728CD00BFB9D8 /* ofxOpenCv */,
			);
			name = addons;
			sourceTree = "<group>";
		};
		BBAB23C913894ECA00AA2426 /* system frameworks */ = {
			isa = PBXGroup;
			children = (
				E7F985F515E0DE99003869B5 /* Accelerate.framework */,
				E4C2424410CC5A17004149E2 /* AppKit.framework */,
				E4C2424510CC5A17004149E2 /* Cocoa.framework */,
				E4C2424610CC5A17004149E2 /* IOKit.framework */,
				E45BE9710E8CC7DD009D7055 /* AGL.framework */,
				E45BE9720E8CC7DD009D7055 /* ApplicationServices.framework */,
				E45BE9730E8CC7DD009D7055 /* AudioToolbox.framework */,
				E45BE9750E8CC7DD009D7055 /* CoreAudio.framework */,
				E45BE9760E8CC7DD009D7055 /* CoreFoundation.framework */,
				E45BE9770E8CC7DD009D7055 /* CoreServices.framework */,
				E45BE9790E8CC7DD009D7055 /* OpenGL.framework */,
				E45BE97A0E8CC7DD009D7055 /* QuickTime.framework */,
				E7E077E415D3B63C0020DFD4 /* CoreVideo.framework */,
				E7E077E715D3B6510020DFD4 /* QTKit.framework */,
			);
			name = "system frameworks";
			sourceTree = "<group>";
		};
		BBAB23CA13894EDB00AA2426 /* 3rd party frameworks */ = {
			isa = PBXGroup;
			children = (
				BBAB23BE13894E4700AA2426 /* GLUT.framework */,
			);
			name = "3rd party frameworks";
			sourceTree = "<group>";
		};
		E4328144138ABC890047C5CB /* Products */ = {
			isa = PBXGroup;
			children = (
				E4328148138ABC890047C5CB /* openFrameworksDebug.a */,
			);
			name = Products;
			sourceTree = "<group>";
		};
		E45BE5980E8CC70C009D7055 /* frameworks */ = {
			isa = PBXGroup;
			children = (
				BBAB23CA13894EDB00AA2426 /* 3rd party frameworks */,
				BBAB23C913894ECA00AA2426 /* system frameworks */,
			);
			name = frameworks;
			sourceTree = "<group>";
		};
		E4B69B4A0A3A1720003C02F2 = {
			isa = PBXGroup;
			children = (
				E4B6FCAD0C3E899E008CF71C /* openFrameworks-Info.plist */,
				E4EB6923138AFD0F00A09F29 /* Project.xcconfig */,
				E4B69E1C0A3A1BDC003C02F2 /* src */,
				E4EEC9E9138DF44700A80321 /* openFrameworks */,
				BB4B014C10F69532006C3DED /* addons */,
				E45BE5980E8CC70C009D7055 /* frameworks */,
				E4B69B5B0A3A1756003C02F2 /* emptyExampleDebug.app */,
			);
			sourceTree = "<group>";
		};
		E4B69E1C0A3A1BDC003C02F2 /* src */ = {
			isa = PBXGroup;
			children = (
				E4B69E1D0A3A1BDC003C02F2 /* main.cpp */,
				E4B69E1E0A3A1BDC003C02F2 /* ofApp.cpp */,
				E4B69E1F0A3A1BDC003C02F2 /* ofApp.h */,
				090B6FE81A80579C00A04B62 /* ImageRoi.cpp */,
				090B6FE91A80579C00A04B62 /* ImageRoi.h */,
			);
			path = src;
			sourceTree = SOURCE_ROOT;
		};
		E4EEC9E9138DF44700A80321 /* openFrameworks */ = {
			isa = PBXGroup;
			children = (
				E4EB691F138AFCF100A09F29 /* CoreOF.xcconfig */,
				E4328143138ABC890047C5CB /* openFrameworksLib.xcodeproj */,
			);
			name = openFrameworks;
			sourceTree = "<group>";
		};
/* End PBXGroup section */

/* Begin PBXNativeTarget section */
		E4B69B5A0A3A1756003C02F2 /* emptyExample */ = {
			isa = PBXNativeTarget;
			buildConfigurationList = E4B69B5F0A3A1757003C02F2 /* Build configuration list for PBXNativeTarget "emptyExample" */;
			buildPhases = (
				E4B69B580A3A1756003C02F2 /* Sources */,
				E4B69B590A3A1756003C02F2 /* Frameworks */,
				E4B6FFFD0C3F9AB9008CF71C /* ShellScript */,
				E4C2427710CC5ABF004149E2 /* CopyFiles */,
			);
			buildRules = (
			);
			dependencies = (
				E4EEB9AC138B136A00A80321 /* PBXTargetDependency */,
			);
			name = emptyExample;
			productName = myOFApp;
			productReference = E4B69B5B0A3A1756003C02F2 /* emptyExampleDebug.app */;
			productType = "com.apple.product-type.application";
		};
/* End PBXNativeTarget section */

/* Begin PBXProject section */
		E4B69B4C0A3A1720003C02F2 /* Project object */ = {
			isa = PBXProject;
			attributes = {
				LastUpgradeCheck = 0460;
			};
			buildConfigurationList = E4B69B4D0A3A1720003C02F2 /* Build configuration list for PBXProject "emptyExample" */;
			compatibilityVersion = "Xcode 3.2";
			developmentRegion = English;
			hasScannedForEncodings = 0;
			knownRegions = (
				English,
				Japanese,
				French,
				German,
			);
			mainGroup = E4B69B4A0A3A1720003C02F2;
			productRefGroup = E4B69B4A0A3A1720003C02F2;
			projectDirPath = "";
			projectReferences = (
				{
					ProductGroup = E4328144138ABC890047C5CB /* Products */;
					ProjectRef = E4328143138ABC890047C5CB /* openFrameworksLib.xcodeproj */;
				},
			);
			projectRoot = "";
			targets = (
				E4B69B5A0A3A1756003C02F2 /* emptyExample */,
			);
		};
/* End PBXProject section */

/* Begin PBXReferenceProxy section */
		E4328148138ABC890047C5CB /* openFrameworksDebug.a */ = {
			isa = PBXReferenceProxy;
			fileType = archive.ar;
			path = openFrameworksDebug.a;
			remoteRef = E4328147138ABC890047C5CB /* PBXContainerItemProxy */;
			sourceTree = BUILT_PRODUCTS_DIR;
		};
/* End PBXReferenceProxy section */

/* Begin PBXShellScriptBuildPhase section */
		E4B6FFFD0C3F9AB9008CF71C /* ShellScript */ = {
			isa = PBXShellScriptBuildPhase;
			buildActionMask = 2147483647;
			files = (
			);
			inputPaths = (
			);
			outputPaths = (
			);
			runOnlyForDeploymentPostprocessing = 0;
			shellPath = /bin/sh;
			shellScript = "cp -f ../../../libs/fmodex/lib/osx/libfmodex.dylib \"$TARGET_BUILD_DIR/$PRODUCT_NAME.app/Contents/MacOS/libfmodex.dylib\"; install_name_tool -change ./libfmodex.dylib @executable_path/libfmodex.dylib \"$TARGET_BUILD_DIR/$PRODUCT_NAME.app/Contents/MacOS/$PRODUCT_NAME\";\nmkdir -p \"$TARGET_BUILD_DIR/$PRODUCT_NAME.app/Contents/Resources/\"\ncp -f \"$ICON_FILE\" \"$TARGET_BUILD_DIR/$PRODUCT_NAME.app/Contents/Resources/\"\n";
		};
/* End PBXShellScriptBuildPhase section */

/* Begin PBXSourcesBuildPhase section */
		E4B69B580A3A1756003C02F2 /* Sources */ = {
			isa = PBXSourcesBuildPhase;
			buildActionMask = 2147483647;
			files = (
				090B72BF1A80E21A00A04B62 /* b2PolygonAndCircleContact.cpp in Sources */,
				090B72A01A80E21A00A04B62 /* b2BroadPhase.cpp in Sources */,
				090B72C21A80E21A00A04B62 /* b2FrictionJoint.cpp in Sources */,
				090B72CE1A80E21A00A04B62 /* del_impl.cpp in Sources */,
				090B72C51A80E21A00A04B62 /* b2MotorJoint.cpp in Sources */,
				090B72B41A80E21A00A04B62 /* b2Fixture.cpp in Sources */,
				090B72B81A80E21A00A04B62 /* b2ChainAndCircleContact.cpp in Sources */,
				090B720A1A80DACD00A04B62 /* ofxBox2dPolygon.cpp in Sources */,
				090B72AF1A80E21A00A04B62 /* b2Settings.cpp in Sources */,
				090B72CC1A80E21A00A04B62 /* b2WheelJoint.cpp in Sources */,
				090B72A91A80E21A00A04B62 /* b2CircleShape.cpp in Sources */,
				090B72A41A80E21A00A04B62 /* b2Collision.cpp in Sources */,
				090B72A81A80E21A00A04B62 /* b2ChainShape.cpp in Sources */,
				091807951A7728CD00BFB9D8 /* ofxCvShortImage.cpp in Sources */,
				090B72B61A80E21A00A04B62 /* b2World.cpp in Sources */,
				090B72C01A80E21A00A04B62 /* b2PolygonContact.cpp in Sources */,
				090B720B1A80DACD00A04B62 /* ofxBox2dRect.cpp in Sources */,
				090B72071A80DACD00A04B62 /* ofxBox2dCircle.cpp in Sources */,
				091807941A7728CD00BFB9D8 /* ofxCvImage.cpp in Sources */,
				090B72AC1A80E21A00A04B62 /* b2BlockAllocator.cpp in Sources */,
				090B72CA1A80E21A00A04B62 /* b2RopeJoint.cpp in Sources */,
				090B72C61A80E21A00A04B62 /* b2MouseJoint.cpp in Sources */,
				090B72C81A80E21A00A04B62 /* b2PulleyJoint.cpp in Sources */,
				090B72A51A80E21A00A04B62 /* b2Distance.cpp in Sources */,
				090B72B01A80E21A00A04B62 /* b2StackAllocator.cpp in Sources */,
				090B72081A80DACD00A04B62 /* ofxBox2dEdge.cpp in Sources */,
				090B72A21A80E21A00A04B62 /* b2CollideEdge.cpp in Sources */,
				090B72A71A80E21A00A04B62 /* b2TimeOfImpact.cpp in Sources */,
				090B72B71A80E21A00A04B62 /* b2WorldCallbacks.cpp in Sources */,
				090B72A11A80E21A00A04B62 /* b2CollideCircle.cpp in Sources */,
				090B72C31A80E21A00A04B62 /* b2GearJoint.cpp in Sources */,
				090B72CD1A80E21A00A04B62 /* b2Rope.cpp in Sources */,
				090B72B31A80E21A00A04B62 /* b2ContactManager.cpp in Sources */,
				090B72B21A80E21A00A04B62 /* b2Body.cpp in Sources */,
				090B72CB1A80E21A00A04B62 /* b2WeldJoint.cpp in Sources */,
				090B72BC1A80E21A00A04B62 /* b2ContactSolver.cpp in Sources */,
				090B72B11A80E21A00A04B62 /* b2Timer.cpp in Sources */,
				090B72A61A80E21A00A04B62 /* b2DynamicTree.cpp in Sources */,
				090B72BB1A80E21A00A04B62 /* b2Contact.cpp in Sources */,
				E4B69E200A3A1BDC003C02F2 /* main.cpp in Sources */,
				090B72BE1A80E21A00A04B62 /* b2EdgeAndPolygonContact.cpp in Sources */,
				090B72B51A80E21A00A04B62 /* b2Island.cpp in Sources */,
				091807931A7728CD00BFB9D8 /* ofxCvHaarFinder.cpp in Sources */,
				E4B69E210A3A1BDC003C02F2 /* ofApp.cpp in Sources */,
				090B72A31A80E21A00A04B62 /* b2CollidePolygon.cpp in Sources */,
				090B72C71A80E21A00A04B62 /* b2PrismaticJoint.cpp in Sources */,
				090B72051A80DACD00A04B62 /* ofxBox2d.cpp in Sources */,
				0918078F1A7728CD00BFB9D8 /* ofxCvColorImage.cpp in Sources */,
				090B72C91A80E21A00A04B62 /* b2RevoluteJoint.cpp in Sources */,
				091807911A7728CD00BFB9D8 /* ofxCvFloatImage.cpp in Sources */,
				090B72C41A80E21A00A04B62 /* b2Joint.cpp in Sources */,
				091807921A7728CD00BFB9D8 /* ofxCvGrayscaleImage.cpp in Sources */,
				090B72BA1A80E21A00A04B62 /* b2CircleContact.cpp in Sources */,
				090B6FEA1A80579C00A04B62 /* ImageRoi.cpp in Sources */,
				090B72AE1A80E21A00A04B62 /* b2Math.cpp in Sources */,
				090B72091A80DACD00A04B62 /* ofxBox2dJoint.cpp in Sources */,
				090B72AD1A80E21A00A04B62 /* b2Draw.cpp in Sources */,
				090B72061A80DACD00A04B62 /* ofxBox2dBaseShape.cpp in Sources */,
				090B72B91A80E21A00A04B62 /* b2ChainAndPolygonContact.cpp in Sources */,
				090B72C11A80E21A00A04B62 /* b2DistanceJoint.cpp in Sources */,
				090B72AA1A80E21A00A04B62 /* b2EdgeShape.cpp in Sources */,
				090B72BD1A80E21A00A04B62 /* b2EdgeAndCircleContact.cpp in Sources */,
				090B72AB1A80E21A00A04B62 /* b2PolygonShape.cpp in Sources */,
				091807901A7728CD00BFB9D8 /* ofxCvContourFinder.cpp in Sources */,
			);
			runOnlyForDeploymentPostprocessing = 0;
		};
/* End PBXSourcesBuildPhase section */

/* Begin PBXTargetDependency section */
		E4EEB9AC138B136A00A80321 /* PBXTargetDependency */ = {
			isa = PBXTargetDependency;
			name = openFrameworks;
			targetProxy = E4EEB9AB138B136A00A80321 /* PBXContainerItemProxy */;
		};
/* End PBXTargetDependency section */

/* Begin XCBuildConfiguration section */
		E4B69B4E0A3A1720003C02F2 /* Debug */ = {
			isa = XCBuildConfiguration;
			baseConfigurationReference = E4EB6923138AFD0F00A09F29 /* Project.xcconfig */;
			buildSettings = {
				ARCHS = "$(NATIVE_ARCH)";
				CONFIGURATION_BUILD_DIR = "$(SRCROOT)/bin/";
				COPY_PHASE_STRIP = NO;
				DEAD_CODE_STRIPPING = YES;
				GCC_AUTO_VECTORIZATION = YES;
				GCC_ENABLE_SSE3_EXTENSIONS = YES;
				GCC_ENABLE_SUPPLEMENTAL_SSE3_INSTRUCTIONS = YES;
				GCC_INLINES_ARE_PRIVATE_EXTERN = NO;
				GCC_OPTIMIZATION_LEVEL = 0;
				GCC_SYMBOLS_PRIVATE_EXTERN = NO;
				GCC_WARN_ABOUT_DEPRECATED_FUNCTIONS = YES;
				GCC_WARN_ABOUT_INVALID_OFFSETOF_MACRO = NO;
				GCC_WARN_ALLOW_INCOMPLETE_PROTOCOL = NO;
				GCC_WARN_UNINITIALIZED_AUTOS = NO;
				GCC_WARN_UNUSED_VALUE = NO;
				GCC_WARN_UNUSED_VARIABLE = NO;
				HEADER_SEARCH_PATHS = (
					"$(OF_CORE_HEADERS)",
					src,
				);
				MACOSX_DEPLOYMENT_TARGET = 10.6;
				OTHER_CPLUSPLUSFLAGS = (
					"-D__MACOSX_CORE__",
					"-lpthread",
					"-mtune=native",
				);
				SDKROOT = macosx;
			};
			name = Debug;
		};
		E4B69B4F0A3A1720003C02F2 /* Release */ = {
			isa = XCBuildConfiguration;
			baseConfigurationReference = E4EB6923138AFD0F00A09F29 /* Project.xcconfig */;
			buildSettings = {
				ARCHS = "$(NATIVE_ARCH)";
				CONFIGURATION_BUILD_DIR = "$(SRCROOT)/bin/";
				COPY_PHASE_STRIP = YES;
				DEAD_CODE_STRIPPING = YES;
				GCC_AUTO_VECTORIZATION = YES;
				GCC_ENABLE_SSE3_EXTENSIONS = YES;
				GCC_ENABLE_SUPPLEMENTAL_SSE3_INSTRUCTIONS = YES;
				GCC_INLINES_ARE_PRIVATE_EXTERN = NO;
				GCC_OPTIMIZATION_LEVEL = 3;
				GCC_SYMBOLS_PRIVATE_EXTERN = NO;
				GCC_UNROLL_LOOPS = YES;
				GCC_WARN_ABOUT_DEPRECATED_FUNCTIONS = YES;
				GCC_WARN_ABOUT_INVALID_OFFSETOF_MACRO = NO;
				GCC_WARN_ALLOW_INCOMPLETE_PROTOCOL = NO;
				GCC_WARN_UNINITIALIZED_AUTOS = NO;
				GCC_WARN_UNUSED_VALUE = NO;
				GCC_WARN_UNUSED_VARIABLE = NO;
				HEADER_SEARCH_PATHS = (
					"$(OF_CORE_HEADERS)",
					src,
				);
				MACOSX_DEPLOYMENT_TARGET = 10.6;
				OTHER_CPLUSPLUSFLAGS = (
					"-D__MACOSX_CORE__",
					"-lpthread",
					"-mtune=native",
				);
				SDKROOT = macosx;
			};
			name = Release;
		};
		E4B69B600A3A1757003C02F2 /* Debug */ = {
			isa = XCBuildConfiguration;
			buildSettings = {
				COMBINE_HIDPI_IMAGES = YES;
				COPY_PHASE_STRIP = NO;
				FRAMEWORK_SEARCH_PATHS = (
					"$(inherited)",
					"$(FRAMEWORK_SEARCH_PATHS_QUOTED_FOR_TARGET_1)",
				);
				FRAMEWORK_SEARCH_PATHS_QUOTED_FOR_TARGET_1 = "\"$(SRCROOT)/../../../libs/glut/lib/osx\"";
				GCC_DYNAMIC_NO_PIC = NO;
				GCC_GENERATE_DEBUGGING_SYMBOLS = YES;
				GCC_MODEL_TUNING = NONE;
				HEADER_SEARCH_PATHS = (
					"$(OF_CORE_HEADERS)",
					src,
					../../../addons/ofxOpenCv/libs/opencv/include/,
					../../../addons/ofxBox2d/libs/,
				);
				ICON = "$(ICON_NAME_DEBUG)";
				ICON_FILE = "$(ICON_FILE_PATH)$(ICON)";
				INFOPLIST_FILE = "openFrameworks-Info.plist";
				INSTALL_PATH = "$(HOME)/Applications";
				LIBRARY_SEARCH_PATHS = (
					../../../addons/ofxOpenCv,
					"<Multiple",
					"values>",
				);
				PRODUCT_NAME = "$(TARGET_NAME)Debug";
				WRAPPER_EXTENSION = app;
			};
			name = Debug;
		};
		E4B69B610A3A1757003C02F2 /* Release */ = {
			isa = XCBuildConfiguration;
			buildSettings = {
				COMBINE_HIDPI_IMAGES = YES;
				COPY_PHASE_STRIP = YES;
				FRAMEWORK_SEARCH_PATHS = (
					"$(inherited)",
					"$(FRAMEWORK_SEARCH_PATHS_QUOTED_FOR_TARGET_1)",
				);
				FRAMEWORK_SEARCH_PATHS_QUOTED_FOR_TARGET_1 = "\"$(SRCROOT)/../../../libs/glut/lib/osx\"";
				GCC_GENERATE_DEBUGGING_SYMBOLS = YES;
				GCC_MODEL_TUNING = NONE;
				HEADER_SEARCH_PATHS = (
					"$(OF_CORE_HEADERS)",
					src,
					../../../addons/ofxOpenCv/libs/opencv/include/,
					../../../addons/ofxBox2d/libs/,
				);
				ICON = "$(ICON_NAME_RELEASE)";
				ICON_FILE = "$(ICON_FILE_PATH)$(ICON)";
				INFOPLIST_FILE = "openFrameworks-Info.plist";
				INSTALL_PATH = "$(HOME)/Applications";
				LIBRARY_SEARCH_PATHS = (
					../../../addons/ofxOpenCv,
					"<Multiple",
					"values>",
				);
				PRODUCT_NAME = "$(TARGET_NAME)";
				WRAPPER_EXTENSION = app;
			};
			name = Release;
		};
/* End XCBuildConfiguration section */

/* Begin XCConfigurationList section */
		E4B69B4D0A3A1720003C02F2 /* Build configuration list for PBXProject "emptyExample" */ = {
			isa = XCConfigurationList;
			buildConfigurations = (
				E4B69B4E0A3A1720003C02F2 /* Debug */,
				E4B69B4F0A3A1720003C02F2 /* Release */,
			);
			defaultConfigurationIsVisible = 0;
			defaultConfigurationName = Release;
		};
		E4B69B5F0A3A1757003C02F2 /* Build configuration list for PBXNativeTarget "emptyExample" */ = {
			isa = XCConfigurationList;
			buildConfigurations = (
				E4B69B600A3A1757003C02F2 /* Debug */,
				E4B69B610A3A1757003C02F2 /* Release */,
			);
			defaultConfigurationIsVisible = 0;
			defaultConfigurationName = Release;
		};
/* End XCConfigurationList section */
	};
	rootObject = E4B69B4C0A3A1720003C02F2 /* Project object */;
}
